PODS:
  - Realm (3.0.0):
    - Realm/Headers (= 3.0.0)
  - Realm/Headers (3.0.0)
  - RealmSwift (3.0.0):
    - Realm (= 3.0.0)
  - SDWebImage (4.1.2):
    - SDWebImage/Core (= 4.1.2)
  - SDWebImage/Core (4.1.2)
  - ShadowView (1.2)
  - SwiftyAudioManager (0.1.0)
  - SwiftyJSON (3.1.4)

DEPENDENCIES:
  - RealmSwift
  - SDWebImage
  - ShadowView
  - SwiftyAudioManager (from `git@gitlab.ludentes.ru:iOS-dependencies/SwiftyAuidoManager.git`)
  - SwiftyJSON

EXTERNAL SOURCES:
  SwiftyAudioManager:
    :git: git@gitlab.ludentes.ru:iOS-dependencies/SwiftyAuidoManager.git

CHECKOUT OPTIONS:
  SwiftyAudioManager:
    :commit: 2cf68865cf3fa21056ae5ad96c9b73ae8fb0e80d
    :git: git@gitlab.ludentes.ru:iOS-dependencies/SwiftyAuidoManager.git

SPEC CHECKSUMS:
  Realm: dec0de73be8c57506e39db72694d513c189493b3
  RealmSwift: 44a7090b16d1b22a406c6bf129bdd602db1bbecc
  SDWebImage: cb6f9f266a9977741efcbc21e618e8be3734c774
  ShadowView: e686f2e27fc281c0118419b1fb314b6e534a4682
  SwiftyAudioManager: 085c5bb43718c74cfac9f5fb926b32d4a17bca02
  SwiftyJSON: c2842d878f95482ffceec5709abc3d05680c0220

PODFILE CHECKSUM: d89deef74304b08b82c89fbe85e70f67e09570ca

COCOAPODS: 1.2.1
