PODS:
  - DynamicBlurView (2.0.1)
  - MarqueeLabel/Swift (3.1.4)
  - ReachabilitySwift (4.1.0)
  - Realm (3.0.2):
    - Realm/Headers (= 3.0.2)
  - Realm/Headers (3.0.2)
  - RealmSwift (3.0.2):
    - Realm (= 3.0.2)
  - SDWebImage (4.2.2):
    - SDWebImage/Core (= 4.2.2)
  - SDWebImage/Core (4.2.2)
  - ShadowView (1.2)
  - SnapKit (4.0.0)
  - SwiftyAudioManager (0.1.0)
  - SwiftyJSON (4.0.0)
  - TagListView (1.3.0)

DEPENDENCIES:
  - DynamicBlurView
  - MarqueeLabel/Swift
  - ReachabilitySwift
  - RealmSwift
  - SDWebImage
  - ShadowView
  - SnapKit
  - SwiftyAudioManager (from `git@gitlab.ludentes.ru:iOS-dependencies/SwiftyAuidoManager.git`)
  - SwiftyJSON
  - TagListView

EXTERNAL SOURCES:
  SwiftyAudioManager:
    :git: git@gitlab.ludentes.ru:iOS-dependencies/SwiftyAuidoManager.git

CHECKOUT OPTIONS:
  SwiftyAudioManager:
    :commit: a3c784c2f1ff5de5e03a6c95dee63b6a4ba22ccc
    :git: git@gitlab.ludentes.ru:iOS-dependencies/SwiftyAuidoManager.git

SPEC CHECKSUMS:
  DynamicBlurView: 5e6babd80cc0ddfd3ddfc4f5dacf2fe4181e7c52
  MarqueeLabel: bf768455fe88d427f71476ebb23f9092b660f40b
  ReachabilitySwift: 6849231cd4e06559f3b9ef4a97a0a0f96d41e09f
  Realm: 6f23fd1f178a09342eac21bfa7c2bf4312a7a180
  RealmSwift: 695393add1b8f9d5fa75dd16e6355cf3935f71e2
  SDWebImage: 89a9d32cd520bbb46eb14e541d5109b3564af198
  ShadowView: e686f2e27fc281c0118419b1fb314b6e534a4682
  SnapKit: a42d492c16e80209130a3379f73596c3454b7694
  SwiftyAudioManager: 085c5bb43718c74cfac9f5fb926b32d4a17bca02
  SwiftyJSON: 070dabdcb1beb81b247c65ffa3a79dbbfb3b48aa
  TagListView: 669f7d4455003c877655875d34829731c4191528

PODFILE CHECKSUM: f94963f7457e66adc851cfe1ce976f719f87d39b

COCOAPODS: 1.3.1
