// !$*UTF8*$!
{
	archiveVersion = 1;
	classes = {
	};
	objectVersion = 46;
	objects = {

/* Begin PBXBuildFile section */
		010EBAF1205A3C3700FDE34A /* ModelsTests.swift in Sources */ = {isa = PBXBuildFile; fileRef = 010EBAF0205A3C3700FDE34A /* ModelsTests.swift */; };
		01321B641FCDADF7009BFE62 /* Pods_blockchainapp.framework in Frameworks */ = {isa = PBXBuildFile; fileRef = 01321B651FCDADF7009BFE62 /* Pods_blockchainapp.framework */; };
		01418562203C41EA004C69F0 /* ServerUpdateManager.swift in Sources */ = {isa = PBXBuildFile; fileRef = 01418561203C41EA004C69F0 /* ServerUpdateManager.swift */; };
		014761142010620F006E3373 /* PlayerTableViewCell.swift in Sources */ = {isa = PBXBuildFile; fileRef = 014761132010620F006E3373 /* PlayerTableViewCell.swift */; };
		014913852036ECBF004058CB /* InAppUpdateManager.swift in Sources */ = {isa = PBXBuildFile; fileRef = 014913842036ECBF004058CB /* InAppUpdateManager.swift */; };
		015088842006472200E42F7D /* AudioPlayer.swift in Sources */ = {isa = PBXBuildFile; fileRef = 015088832006472200E42F7D /* AudioPlayer.swift */; };
		01510EAD1FDED922003AC116 /* RealmExtension.swift in Sources */ = {isa = PBXBuildFile; fileRef = 01510EAC1FDED922003AC116 /* RealmExtension.swift */; };
		01510EAF1FDFFD4C003AC116 /* ChannelTrackCell.swift in Sources */ = {isa = PBXBuildFile; fileRef = 01510EAE1FDFFD4C003AC116 /* ChannelTrackCell.swift */; };
		01510EB41FE0F421003AC116 /* SearchViewController.swift in Sources */ = {isa = PBXBuildFile; fileRef = 01510EB31FE0F421003AC116 /* SearchViewController.swift */; };
		0158129A1FD6ACC9002828F5 /* ChannelTableViewCell.swift in Sources */ = {isa = PBXBuildFile; fileRef = 015812991FD6ACC9002828F5 /* ChannelTableViewCell.swift */; };
		0158129C1FD70561002828F5 /* ChannelsBuilder.swift in Sources */ = {isa = PBXBuildFile; fileRef = 0158129B1FD70561002828F5 /* ChannelsBuilder.swift */; };
		0158129E1FD70793002828F5 /* FeedBuilders.swift in Sources */ = {isa = PBXBuildFile; fileRef = 0158129D1FD70793002828F5 /* FeedBuilders.swift */; };
		015812A21FD80AF1002828F5 /* AudioController.swift in Sources */ = {isa = PBXBuildFile; fileRef = 015812A11FD80AF1002828F5 /* AudioController.swift */; };
		0160BB232031596600D7C3CB /* Track.swift in Sources */ = {isa = PBXBuildFile; fileRef = 0160BB222031596600D7C3CB /* Track.swift */; };
		0160BB2520315AA400D7C3CB /* Channel.swift in Sources */ = {isa = PBXBuildFile; fileRef = 0160BB2420315AA400D7C3CB /* Channel.swift */; };
		0184A02D1FC1AD0B009FF5CB /* FeedTableViewCell.swift in Sources */ = {isa = PBXBuildFile; fileRef = 0184A02C1FC1AD0B009FF5CB /* FeedTableViewCell.swift */; };
		0195E8FD203EE0ED005AC202 /* MainRouter.swift in Sources */ = {isa = PBXBuildFile; fileRef = 0195E8FC203EE0ED005AC202 /* MainRouter.swift */; };
		019B3DC61FCC45B5008C3B76 /* ChannelViewController.swift in Sources */ = {isa = PBXBuildFile; fileRef = 019B3DC51FCC45B5008C3B76 /* ChannelViewController.swift */; };
		019B3DC81FCC45C8008C3B76 /* ChannelHeaderView.swift in Sources */ = {isa = PBXBuildFile; fileRef = 019B3DC71FCC45C8008C3B76 /* ChannelHeaderView.swift */; };
		019FB2531FE279BF0007FDEE /* SmallChannelTableViewCell.swift in Sources */ = {isa = PBXBuildFile; fileRef = 019FB2521FE279BF0007FDEE /* SmallChannelTableViewCell.swift */; };
		019FB2551FE27DEE0007FDEE /* FollowButton.swift in Sources */ = {isa = PBXBuildFile; fileRef = 019FB2541FE27DEE0007FDEE /* FollowButton.swift */; };
		019FB2571FE297F20007FDEE /* PlaylistTableViewCell.swift in Sources */ = {isa = PBXBuildFile; fileRef = 019FB2561FE297F20007FDEE /* PlaylistTableViewCell.swift */; };
		01A68D691FC2E1290074F1D5 /* NewFeedLabel.swift in Sources */ = {isa = PBXBuildFile; fileRef = 01A68D681FC2E1290074F1D5 /* NewFeedLabel.swift */; };
		01AA891D1FC45D0500D50C13 /* UndBlurLabel.swift in Sources */ = {isa = PBXBuildFile; fileRef = 01AA891C1FC45D0500D50C13 /* UndBlurLabel.swift */; };
		01AA89211FC5612500D50C13 /* ProfileViewController.swift in Sources */ = {isa = PBXBuildFile; fileRef = 01AA89201FC5612500D50C13 /* ProfileViewController.swift */; };
		01AA89231FC5989E00D50C13 /* SmallTrackTableViewCell.swift in Sources */ = {isa = PBXBuildFile; fileRef = 01AA89221FC5989E00D50C13 /* SmallTrackTableViewCell.swift */; };
		01BF29F720749F6600CF877A /* LIPRouter.swift in Sources */ = {isa = PBXBuildFile; fileRef = 01BF29F620749F6600CF877A /* LIPRouter.swift */; };
		01D2F4A22029E15E00E43B67 /* TrackViewModel.swift in Sources */ = {isa = PBXBuildFile; fileRef = 01D2F4A12029E15E00E43B67 /* TrackViewModel.swift */; };
		01DBC535205AB40100EF832D /* RequestManager.swift in Sources */ = {isa = PBXBuildFile; fileRef = FD10BE55E82F75A804CA6B47 /* RequestManager.swift */; };
		01E1991C1FE8DBB00016060E /* UserSettings.swift in Sources */ = {isa = PBXBuildFile; fileRef = 01E1991B1FE8DBB00016060E /* UserSettings.swift */; };
		01E1991F1FE8FC0D0016060E /* SettingsViewController.swift in Sources */ = {isa = PBXBuildFile; fileRef = 01E1991E1FE8FC0D0016060E /* SettingsViewController.swift */; };
		01E52E3C1FC7E34C00CCFCC2 /* IconedLabel.swift in Sources */ = {isa = PBXBuildFile; fileRef = 01E52E3B1FC7E34C00CCFCC2 /* IconedLabel.swift */; };
		01EFC8712019AEA9005321B9 /* MiniPlayerView.swift in Sources */ = {isa = PBXBuildFile; fileRef = 01EFC8702019AEA9005321B9 /* MiniPlayerView.swift */; };
		01EFC873201A21D6005321B9 /* PlayerViewController.swift in Sources */ = {isa = PBXBuildFile; fileRef = 01EFC872201A21D6005321B9 /* PlayerViewController.swift */; };
		01EFC875201A240B005321B9 /* MainPlayerViewController.swift in Sources */ = {isa = PBXBuildFile; fileRef = 01EFC874201A240B005321B9 /* MainPlayerViewController.swift */; };
		01EFC877201A2421005321B9 /* PlaylistViewController.swift in Sources */ = {isa = PBXBuildFile; fileRef = 01EFC876201A2421005321B9 /* PlaylistViewController.swift */; };
		01FF31671FD16FBB00FB2B9E /* Assets.xcassets in Resources */ = {isa = PBXBuildFile; fileRef = 01FF31661FD16FBA00FB2B9E /* Assets.xcassets */; };
		01FF31691FD1840600FB2B9E /* TimedSlider.swift in Sources */ = {isa = PBXBuildFile; fileRef = 01FF31681FD1840600FB2B9E /* TimedSlider.swift */; };
		01FF376D2010B9E7007F57E0 /* Extensions.swift in Sources */ = {isa = PBXBuildFile; fileRef = 01FF376C2010B9E7007F57E0 /* Extensions.swift */; };
		01FF376F201224CB007F57E0 /* Models.swift in Sources */ = {isa = PBXBuildFile; fileRef = 01FF376E201224CB007F57E0 /* Models.swift */; };
		2CE07EF72028883C00B3D939 /* Analytics.swift in Sources */ = {isa = PBXBuildFile; fileRef = 2CE07EF62028883C00B3D939 /* Analytics.swift */; };
		2CEBFBCA202827C700523FDE /* ArrowView.swift in Sources */ = {isa = PBXBuildFile; fileRef = 2CEBFBC9202827C700523FDE /* ArrowView.swift */; };
		36045FA8204D8338003C7406 /* UserPlaylistViewModel.swift in Sources */ = {isa = PBXBuildFile; fileRef = 36045FA7204D8338003C7406 /* UserPlaylistViewModel.swift */; };
		36045FAA204D8340003C7406 /* UserPlaylistModel.swift in Sources */ = {isa = PBXBuildFile; fileRef = 36045FA9204D8340003C7406 /* UserPlaylistModel.swift */; };
		36045FAC204D8347003C7406 /* UserPlaylistEmitter.swift in Sources */ = {isa = PBXBuildFile; fileRef = 36045FAB204D8347003C7406 /* UserPlaylistEmitter.swift */; };
		36045FAE204D8A87003C7406 /* UserPlaylistBuilder.swift in Sources */ = {isa = PBXBuildFile; fileRef = 36045FAD204D8A87003C7406 /* UserPlaylistBuilder.swift */; };
		3604E81C20330E4100623C55 /* SmallTrackViewModel.swift in Sources */ = {isa = PBXBuildFile; fileRef = 3604E81B20330E4100623C55 /* SmallTrackViewModel.swift */; };
		361CD016204814A60097F8E9 /* ProfileHeaderView.swift in Sources */ = {isa = PBXBuildFile; fileRef = 361CD015204814A60097F8E9 /* ProfileHeaderView.swift */; };
		361CD018204815140097F8E9 /* LikeHeader.swift in Sources */ = {isa = PBXBuildFile; fileRef = 361CD017204815140097F8E9 /* LikeHeader.swift */; };
		361CD01A20482A410097F8E9 /* Common.swift in Sources */ = {isa = PBXBuildFile; fileRef = 361CD01920482A410097F8E9 /* Common.swift */; };
		3626C8CB2036A6200016772B /* SearchResultsController.swift in Sources */ = {isa = PBXBuildFile; fileRef = 3626C8CA2036A6200016772B /* SearchResultsController.swift */; };
		3626C8CE2036A6730016772B /* SearchViewModel.swift in Sources */ = {isa = PBXBuildFile; fileRef = 3626C8CD2036A6730016772B /* SearchViewModel.swift */; };
		3626C8D02036A6790016772B /* SearchModel.swift in Sources */ = {isa = PBXBuildFile; fileRef = 3626C8CF2036A6790016772B /* SearchModel.swift */; };
		3626C8D22036A6800016772B /* SearchEmitter.swift in Sources */ = {isa = PBXBuildFile; fileRef = 3626C8D12036A6800016772B /* SearchEmitter.swift */; };
		3626C8D42036A81E0016772B /* SearchChannelViewModel.swift in Sources */ = {isa = PBXBuildFile; fileRef = 3626C8D32036A81E0016772B /* SearchChannelViewModel.swift */; };
		365653F920358F980072087F /* PlaylistsModel.swift in Sources */ = {isa = PBXBuildFile; fileRef = 365653F820358F980072087F /* PlaylistsModel.swift */; };
		365653FB20358FA10072087F /* PlaylistsViewModel.swift in Sources */ = {isa = PBXBuildFile; fileRef = 365653FA20358FA10072087F /* PlaylistsViewModel.swift */; };
		365653FD20358FA90072087F /* PlaylistsEmitter.swift in Sources */ = {isa = PBXBuildFile; fileRef = 365653FC20358FA90072087F /* PlaylistsEmitter.swift */; };
		365653FF203592DD0072087F /* SearchBuilder.swift in Sources */ = {isa = PBXBuildFile; fileRef = 365653FE203592DD0072087F /* SearchBuilder.swift */; };
		365654022035A4550072087F /* PlaylistViewModel.swift in Sources */ = {isa = PBXBuildFile; fileRef = 365654012035A4550072087F /* PlaylistViewModel.swift */; };
		3659B22B203EE351009580E9 /* ChannelBuilder.swift in Sources */ = {isa = PBXBuildFile; fileRef = 3659B22A203EE351009580E9 /* ChannelBuilder.swift */; };
		365B0A1C2031983A006458F9 /* LikesEmitter.swift in Sources */ = {isa = PBXBuildFile; fileRef = 365B0A1B2031983A006458F9 /* LikesEmitter.swift */; };
		365B0A1E20319844006458F9 /* LikesModel.swift in Sources */ = {isa = PBXBuildFile; fileRef = 365B0A1D20319844006458F9 /* LikesModel.swift */; };
		365B0A2020319851006458F9 /* LikesViewModel.swift in Sources */ = {isa = PBXBuildFile; fileRef = 365B0A1F20319851006458F9 /* LikesViewModel.swift */; };
		36706D512031A7F3002097E7 /* ChannelsModel.swift in Sources */ = {isa = PBXBuildFile; fileRef = 36706D502031A7F3002097E7 /* ChannelsModel.swift */; };
		36706D532031A801002097E7 /* ChannelsViewModel.swift in Sources */ = {isa = PBXBuildFile; fileRef = 36706D522031A801002097E7 /* ChannelsViewModel.swift */; };
		36706D552031A809002097E7 /* ChannelsEmitter.swift in Sources */ = {isa = PBXBuildFile; fileRef = 36706D542031A809002097E7 /* ChannelsEmitter.swift */; };
		36813A6E203D671E00EAE49A /* MediumChannelViewModel.swift in Sources */ = {isa = PBXBuildFile; fileRef = 36813A6D203D671E00EAE49A /* MediumChannelViewModel.swift */; };
		369301B32088A50A003D11BC /* FeedViewModel.swift in Sources */ = {isa = PBXBuildFile; fileRef = 369301B02088A509003D11BC /* FeedViewModel.swift */; };
		369301B42088A50A003D11BC /* FeedModel.swift in Sources */ = {isa = PBXBuildFile; fileRef = 369301B12088A50A003D11BC /* FeedModel.swift */; };
		369301B52088A50A003D11BC /* FeedEmitter.swift in Sources */ = {isa = PBXBuildFile; fileRef = 369301B22088A50A003D11BC /* FeedEmitter.swift */; };
		36952670202C5EBF00F97E1E /* ProfileViewModel.swift in Sources */ = {isa = PBXBuildFile; fileRef = 3695266F202C5EBF00F97E1E /* ProfileViewModel.swift */; };
		36952672202C610100F97E1E /* ProfileModel.swift in Sources */ = {isa = PBXBuildFile; fileRef = 36952671202C610100F97E1E /* ProfileModel.swift */; };
		36DF1BFE201A00570017BDE7 /* ChannelsCollectionView.swift in Sources */ = {isa = PBXBuildFile; fileRef = 36DF1BFD201A00570017BDE7 /* ChannelsCollectionView.swift */; };
		36E155A3204D6F1800C65DBE /* UserPlaylistViewController.swift in Sources */ = {isa = PBXBuildFile; fileRef = 36E155A2204D6F1800C65DBE /* UserPlaylistViewController.swift */; };
		36E155A5204D7C0E00C65DBE /* UserPlaylistManager.swift in Sources */ = {isa = PBXBuildFile; fileRef = 36E155A4204D7C0E00C65DBE /* UserPlaylistManager.swift */; };
		36F613CA202D67C000661E48 /* ProfileEmitter.swift in Sources */ = {isa = PBXBuildFile; fileRef = 36F613C9202D67C000661E48 /* ProfileEmitter.swift */; };
		36F613CC202D6E3200661E48 /* ProfileBuilder.swift in Sources */ = {isa = PBXBuildFile; fileRef = 36F613CB202D6E3200661E48 /* ProfileBuilder.swift */; };
		36F7C39B201AF73200F99A9A /* ChannelsCollectionViewCell.swift in Sources */ = {isa = PBXBuildFile; fileRef = 36F7C39A201AF73200F99A9A /* ChannelsCollectionViewCell.swift */; };
		36FB2F4A2033E33200ECA30D /* SmallChannelViewModel.swift in Sources */ = {isa = PBXBuildFile; fileRef = 36FB2F492033E33200ECA30D /* SmallChannelViewModel.swift */; };
		80BFB915972D1246DB660A8D /* Pods_blockchainappUITests.framework in Frameworks */ = {isa = PBXBuildFile; fileRef = 00AD6F163D6AF5595672790C /* Pods_blockchainappUITests.framework */; };
		9D0B18F5207F66A200CBE87B /* OthersEmitter.swift in Sources */ = {isa = PBXBuildFile; fileRef = 9D0B18F4207F66A200CBE87B /* OthersEmitter.swift */; };
		9D0B18F7207F67D900CBE87B /* OthersModel.swift in Sources */ = {isa = PBXBuildFile; fileRef = 9D0B18F6207F67D900CBE87B /* OthersModel.swift */; };
		9D0B18F9207F68E700CBE87B /* OthersViewModel.swift in Sources */ = {isa = PBXBuildFile; fileRef = 9D0B18F8207F68E700CBE87B /* OthersViewModel.swift */; };
		9D0B18FB207F6AF100CBE87B /* OthersBuilder.swift in Sources */ = {isa = PBXBuildFile; fileRef = 9D0B18FA207F6AF100CBE87B /* OthersBuilder.swift */; };
		9D0B18FD207F775800CBE87B /* ShareInfo.swift in Sources */ = {isa = PBXBuildFile; fileRef = 9D0B18FC207F775800CBE87B /* ShareInfo.swift */; };
		9D54AA1B206B4AB400F693C0 /* PlaylistsTab.swift in Sources */ = {isa = PBXBuildFile; fileRef = 9D54AA1A206B4AB400F693C0 /* PlaylistsTab.swift */; };
		9D62CFCE20611642005A504A /* TrackInfoBuilder.swift in Sources */ = {isa = PBXBuildFile; fileRef = 9D62CFCD20611642005A504A /* TrackInfoBuilder.swift */; };
		9D88986120848065004A7575 /* MainPlayerBottomIconsView.swift in Sources */ = {isa = PBXBuildFile; fileRef = 9D88986020848065004A7575 /* MainPlayerBottomIconsView.swift */; };
		9D889864208482F7004A7575 /* MainPlayerBottomIconsEmitter.swift in Sources */ = {isa = PBXBuildFile; fileRef = 9D889863208482F7004A7575 /* MainPlayerBottomIconsEmitter.swift */; };
		9DA077BF20343650002BF631 /* FullChannelViewModel.swift in Sources */ = {isa = PBXBuildFile; fileRef = 9DA077BE20343650002BF631 /* FullChannelViewModel.swift */; };
		9DA077CB20345055002BF631 /* ChannelViewModel.swift in Sources */ = {isa = PBXBuildFile; fileRef = 9DA077CA20345055002BF631 /* ChannelViewModel.swift */; };
		9DA077CD2034505F002BF631 /* ChannelModel.swift in Sources */ = {isa = PBXBuildFile; fileRef = 9DA077CC2034505F002BF631 /* ChannelModel.swift */; };
		9DA077CF20345071002BF631 /* ChannelEmitter.swift in Sources */ = {isa = PBXBuildFile; fileRef = 9DA077CE20345071002BF631 /* ChannelEmitter.swift */; };
		9DC7E98C206B43EC001986D3 /* PlaylistsViewController.swift in Sources */ = {isa = PBXBuildFile; fileRef = 9DC7E98B206B43EC001986D3 /* PlaylistsViewController.swift */; };
		9DC7E98E206B4504001986D3 /* PlaylistsBuilder.swift in Sources */ = {isa = PBXBuildFile; fileRef = 9DC7E98D206B4504001986D3 /* PlaylistsBuilder.swift */; };
		9DDB0D0B207B8BF100581613 /* OthersAlertController.swift in Sources */ = {isa = PBXBuildFile; fileRef = 9DDB0D0A207B8BF100581613 /* OthersAlertController.swift */; };
		9DFAE6F42060F5EC00EF7C4D /* TrackInfoBlurView.swift in Sources */ = {isa = PBXBuildFile; fileRef = 9DFAE6F22060F5EC00EF7C4D /* TrackInfoBlurView.swift */; };
		9DFAE6F52060F5EC00EF7C4D /* TrackInfoViewController.swift in Sources */ = {isa = PBXBuildFile; fileRef = 9DFAE6F32060F5EC00EF7C4D /* TrackInfoViewController.swift */; };
		9DFAE6F72060FB1500EF7C4D /* TrackInfoHeaderView.swift in Sources */ = {isa = PBXBuildFile; fileRef = 9DFAE6F62060FB1500EF7C4D /* TrackInfoHeaderView.swift */; };
		9DFAE70120610A4B00EF7C4D /* TrackInfoEmitter.swift in Sources */ = {isa = PBXBuildFile; fileRef = 9DFAE6FE20610A4A00EF7C4D /* TrackInfoEmitter.swift */; };
		9DFAE70220610A4B00EF7C4D /* TrackInfoModel.swift in Sources */ = {isa = PBXBuildFile; fileRef = 9DFAE6FF20610A4B00EF7C4D /* TrackInfoModel.swift */; };
		9DFAE70320610A4B00EF7C4D /* TrackInfoViewModel.swift in Sources */ = {isa = PBXBuildFile; fileRef = 9DFAE70020610A4B00EF7C4D /* TrackInfoViewModel.swift */; };
		CF1E04831F82273D00D8812F /* DBHelpers.swift in Sources */ = {isa = PBXBuildFile; fileRef = CF1E04821F82273D00D8812F /* DBHelpers.swift */; };
		CF27152D1F97C79A0038C81C /* Localizable.strings in Resources */ = {isa = PBXBuildFile; fileRef = CF27152F1F97C79A0038C81C /* Localizable.strings */; };
		CF44532A1F54139900660474 /* AppDelegate.swift in Sources */ = {isa = PBXBuildFile; fileRef = CF4453291F54139900660474 /* AppDelegate.swift */; };
		CF44532F1F54139900660474 /* Main.storyboard in Resources */ = {isa = PBXBuildFile; fileRef = CF44532D1F54139900660474 /* Main.storyboard */; };
		CF4453341F54139900660474 /* LaunchScreen.storyboard in Resources */ = {isa = PBXBuildFile; fileRef = CF4453321F54139900660474 /* LaunchScreen.storyboard */; };
		CF44533F1F54139900660474 /* blockchainappTests.swift in Sources */ = {isa = PBXBuildFile; fileRef = CF44533E1F54139900660474 /* blockchainappTests.swift */; };
		CF44534A1F54139900660474 /* blockchainappUITests.swift in Sources */ = {isa = PBXBuildFile; fileRef = CF4453491F54139900660474 /* blockchainappUITests.swift */; };
		CF4453591F55400F00660474 /* MainModels.swift in Sources */ = {isa = PBXBuildFile; fileRef = CF4453581F55400F00660474 /* MainModels.swift */; };
		CF44535B1F55406B00660474 /* Managers.swift in Sources */ = {isa = PBXBuildFile; fileRef = CF44535A1F55406B00660474 /* Managers.swift */; };
		CF44535E1F569D4E00660474 /* StyleExtension.swift in Sources */ = {isa = PBXBuildFile; fileRef = CF44535D1F569D4E00660474 /* StyleExtension.swift */; };
		CF4453621F56CA2E00660474 /* FeedViewController.swift in Sources */ = {isa = PBXBuildFile; fileRef = CF4453611F56CA2E00660474 /* FeedViewController.swift */; };
		CF4453691F57F4D200660474 /* ChannelsViewController.swift in Sources */ = {isa = PBXBuildFile; fileRef = CF4453681F57F4D200660474 /* ChannelsViewController.swift */; };
		CF4453731F5D8EBE00660474 /* MainTabViewController.swift in Sources */ = {isa = PBXBuildFile; fileRef = CF4453721F5D8EBE00660474 /* MainTabViewController.swift */; };
		CF4453751F666BB800660474 /* DBModels.swift in Sources */ = {isa = PBXBuildFile; fileRef = CF4453741F666BB800660474 /* DBModels.swift */; };
		CFA4842C919729E5AACAD804 /* Pods_blockchainapp.framework in Frameworks */ = {isa = PBXBuildFile; fileRef = 01DBC530205AAA6C00EF832D /* Pods_blockchainapp.framework */; };
		F3E0F17E5D26D127B088066C /* Pods_blockchainappTests.framework in Frameworks */ = {isa = PBXBuildFile; fileRef = D0AA887CF3A1B7E3E70BDB43 /* Pods_blockchainappTests.framework */; };
		FD10B2EE2F2654061F2BDF07 /* PlayerEmitter.swift in Sources */ = {isa = PBXBuildFile; fileRef = FD10B8B30CD6B62E0F3033C8 /* PlayerEmitter.swift */; };
		FD10B3302E585598EF8B5CCB /* AppUI.swift in Sources */ = {isa = PBXBuildFile; fileRef = FD10B17549A87867E48B318C /* AppUI.swift */; };
		FD10B63115DA7C32A372FAD9 /* PlayerBuilder.swift in Sources */ = {isa = PBXBuildFile; fileRef = FD10B60FFE491AF62B1A26A6 /* PlayerBuilder.swift */; };
		FD10B7D58B227D2A158848C0 /* PlayerViewModel.swift in Sources */ = {isa = PBXBuildFile; fileRef = FD10BCD04C8F930B5738957F /* PlayerViewModel.swift */; };
		FD10BBFE6256980A17C0B057 /* RequestManager.swift in Sources */ = {isa = PBXBuildFile; fileRef = FD10BE55E82F75A804CA6B47 /* RequestManager.swift */; };
		FD10BEADF5B23D62CC2E1FAF /* PlayerModel.swift in Sources */ = {isa = PBXBuildFile; fileRef = FD10B4E092F837E850DC5B81 /* PlayerModel.swift */; };
/* End PBXBuildFile section */

/* Begin PBXContainerItemProxy section */
		CF44533B1F54139900660474 /* PBXContainerItemProxy */ = {
			isa = PBXContainerItemProxy;
			containerPortal = CF44531E1F54139900660474 /* Project object */;
			proxyType = 1;
			remoteGlobalIDString = CF4453251F54139900660474;
			remoteInfo = blockchainapp;
		};
		CF4453461F54139900660474 /* PBXContainerItemProxy */ = {
			isa = PBXContainerItemProxy;
			containerPortal = CF44531E1F54139900660474 /* Project object */;
			proxyType = 1;
			remoteGlobalIDString = CF4453251F54139900660474;
			remoteInfo = blockchainapp;
		};
/* End PBXContainerItemProxy section */

/* Begin PBXCopyFilesBuildPhase section */
		01321B681FCDADFF009BFE62 /* Embed Frameworks */ = {
			isa = PBXCopyFilesBuildPhase;
			buildActionMask = 2147483647;
			dstPath = "";
			dstSubfolderSpec = 10;
			files = (
			);
			name = "Embed Frameworks";
			runOnlyForDeploymentPostprocessing = 0;
		};
/* End PBXCopyFilesBuildPhase section */

/* Begin PBXFileReference section */
		00AD6F163D6AF5595672790C /* Pods_blockchainappUITests.framework */ = {isa = PBXFileReference; explicitFileType = wrapper.framework; includeInIndex = 0; path = Pods_blockchainappUITests.framework; sourceTree = BUILT_PRODUCTS_DIR; };
		010EBAF0205A3C3700FDE34A /* ModelsTests.swift */ = {isa = PBXFileReference; lastKnownFileType = sourcecode.swift; path = ModelsTests.swift; sourceTree = "<group>"; };
		01321B651FCDADF7009BFE62 /* Pods_blockchainapp.framework */ = {isa = PBXFileReference; explicitFileType = wrapper.framework; path = Pods_blockchainapp.framework; sourceTree = BUILT_PRODUCTS_DIR; };
		01418561203C41EA004C69F0 /* ServerUpdateManager.swift */ = {isa = PBXFileReference; lastKnownFileType = sourcecode.swift; path = ServerUpdateManager.swift; sourceTree = "<group>"; };
		014761132010620F006E3373 /* PlayerTableViewCell.swift */ = {isa = PBXFileReference; lastKnownFileType = sourcecode.swift; path = PlayerTableViewCell.swift; sourceTree = "<group>"; };
		014913842036ECBF004058CB /* InAppUpdateManager.swift */ = {isa = PBXFileReference; lastKnownFileType = sourcecode.swift; path = InAppUpdateManager.swift; sourceTree = "<group>"; };
		015088832006472200E42F7D /* AudioPlayer.swift */ = {isa = PBXFileReference; lastKnownFileType = sourcecode.swift; path = AudioPlayer.swift; sourceTree = "<group>"; };
		01510EAC1FDED922003AC116 /* RealmExtension.swift */ = {isa = PBXFileReference; lastKnownFileType = sourcecode.swift; path = RealmExtension.swift; sourceTree = "<group>"; };
		01510EAE1FDFFD4C003AC116 /* ChannelTrackCell.swift */ = {isa = PBXFileReference; lastKnownFileType = sourcecode.swift; path = ChannelTrackCell.swift; sourceTree = "<group>"; };
		01510EB31FE0F421003AC116 /* SearchViewController.swift */ = {isa = PBXFileReference; lastKnownFileType = sourcecode.swift; path = SearchViewController.swift; sourceTree = "<group>"; };
		015812991FD6ACC9002828F5 /* ChannelTableViewCell.swift */ = {isa = PBXFileReference; lastKnownFileType = sourcecode.swift; path = ChannelTableViewCell.swift; sourceTree = "<group>"; };
		0158129B1FD70561002828F5 /* ChannelsBuilder.swift */ = {isa = PBXFileReference; lastKnownFileType = sourcecode.swift; path = ChannelsBuilder.swift; sourceTree = "<group>"; };
		0158129D1FD70793002828F5 /* FeedBuilders.swift */ = {isa = PBXFileReference; lastKnownFileType = sourcecode.swift; path = FeedBuilders.swift; sourceTree = "<group>"; };
		015812A11FD80AF1002828F5 /* AudioController.swift */ = {isa = PBXFileReference; lastKnownFileType = sourcecode.swift; path = AudioController.swift; sourceTree = "<group>"; };
		0160BB222031596600D7C3CB /* Track.swift */ = {isa = PBXFileReference; lastKnownFileType = sourcecode.swift; path = Track.swift; sourceTree = "<group>"; };
		0160BB2420315AA400D7C3CB /* Channel.swift */ = {isa = PBXFileReference; lastKnownFileType = sourcecode.swift; path = Channel.swift; sourceTree = "<group>"; };
		0184A02C1FC1AD0B009FF5CB /* FeedTableViewCell.swift */ = {isa = PBXFileReference; lastKnownFileType = sourcecode.swift; path = FeedTableViewCell.swift; sourceTree = "<group>"; };
		0195E8FC203EE0ED005AC202 /* MainRouter.swift */ = {isa = PBXFileReference; lastKnownFileType = sourcecode.swift; path = MainRouter.swift; sourceTree = "<group>"; };
		019B3DC51FCC45B5008C3B76 /* ChannelViewController.swift */ = {isa = PBXFileReference; lastKnownFileType = sourcecode.swift; path = ChannelViewController.swift; sourceTree = "<group>"; };
		019B3DC71FCC45C8008C3B76 /* ChannelHeaderView.swift */ = {isa = PBXFileReference; lastKnownFileType = sourcecode.swift; path = ChannelHeaderView.swift; sourceTree = "<group>"; };
		019FB2521FE279BF0007FDEE /* SmallChannelTableViewCell.swift */ = {isa = PBXFileReference; lastKnownFileType = sourcecode.swift; path = SmallChannelTableViewCell.swift; sourceTree = "<group>"; };
		019FB2541FE27DEE0007FDEE /* FollowButton.swift */ = {isa = PBXFileReference; lastKnownFileType = sourcecode.swift; path = FollowButton.swift; sourceTree = "<group>"; };
		019FB2561FE297F20007FDEE /* PlaylistTableViewCell.swift */ = {isa = PBXFileReference; lastKnownFileType = sourcecode.swift; path = PlaylistTableViewCell.swift; sourceTree = "<group>"; };
		01A68D681FC2E1290074F1D5 /* NewFeedLabel.swift */ = {isa = PBXFileReference; lastKnownFileType = sourcecode.swift; path = NewFeedLabel.swift; sourceTree = "<group>"; };
		01AA891C1FC45D0500D50C13 /* UndBlurLabel.swift */ = {isa = PBXFileReference; lastKnownFileType = sourcecode.swift; path = UndBlurLabel.swift; sourceTree = "<group>"; };
		01AA89201FC5612500D50C13 /* ProfileViewController.swift */ = {isa = PBXFileReference; lastKnownFileType = sourcecode.swift; path = ProfileViewController.swift; sourceTree = "<group>"; };
		01AA89221FC5989E00D50C13 /* SmallTrackTableViewCell.swift */ = {isa = PBXFileReference; lastKnownFileType = sourcecode.swift; path = SmallTrackTableViewCell.swift; sourceTree = "<group>"; };
		01BF29F620749F6600CF877A /* LIPRouter.swift */ = {isa = PBXFileReference; lastKnownFileType = sourcecode.swift; path = LIPRouter.swift; sourceTree = "<group>"; };
		01D2F4A12029E15E00E43B67 /* TrackViewModel.swift */ = {isa = PBXFileReference; lastKnownFileType = sourcecode.swift; path = TrackViewModel.swift; sourceTree = "<group>"; };
		01DBC530205AAA6C00EF832D /* Pods_blockchainapp.framework */ = {isa = PBXFileReference; explicitFileType = wrapper.framework; path = Pods_blockchainapp.framework; sourceTree = BUILT_PRODUCTS_DIR; };
		01DBC533205AAA9000EF832D /* Realm.framework */ = {isa = PBXFileReference; explicitFileType = wrapper.framework; path = Realm.framework; sourceTree = BUILT_PRODUCTS_DIR; };
		01DBC534205AAA9000EF832D /* RealmSwift.framework */ = {isa = PBXFileReference; explicitFileType = wrapper.framework; path = RealmSwift.framework; sourceTree = BUILT_PRODUCTS_DIR; };
		01E1991B1FE8DBB00016060E /* UserSettings.swift */ = {isa = PBXFileReference; lastKnownFileType = sourcecode.swift; path = UserSettings.swift; sourceTree = "<group>"; };
		01E1991E1FE8FC0D0016060E /* SettingsViewController.swift */ = {isa = PBXFileReference; lastKnownFileType = sourcecode.swift; path = SettingsViewController.swift; sourceTree = "<group>"; };
		01E52E3B1FC7E34C00CCFCC2 /* IconedLabel.swift */ = {isa = PBXFileReference; lastKnownFileType = sourcecode.swift; path = IconedLabel.swift; sourceTree = "<group>"; };
		01EFC8702019AEA9005321B9 /* MiniPlayerView.swift */ = {isa = PBXFileReference; lastKnownFileType = sourcecode.swift; path = MiniPlayerView.swift; sourceTree = "<group>"; };
		01EFC872201A21D6005321B9 /* PlayerViewController.swift */ = {isa = PBXFileReference; lastKnownFileType = sourcecode.swift; path = PlayerViewController.swift; sourceTree = "<group>"; };
		01EFC874201A240B005321B9 /* MainPlayerViewController.swift */ = {isa = PBXFileReference; lastKnownFileType = sourcecode.swift; path = MainPlayerViewController.swift; sourceTree = "<group>"; };
		01EFC876201A2421005321B9 /* PlaylistViewController.swift */ = {isa = PBXFileReference; lastKnownFileType = sourcecode.swift; path = PlaylistViewController.swift; sourceTree = "<group>"; };
		01FF31661FD16FBA00FB2B9E /* Assets.xcassets */ = {isa = PBXFileReference; lastKnownFileType = folder.assetcatalog; path = Assets.xcassets; sourceTree = "<group>"; };
		01FF31681FD1840600FB2B9E /* TimedSlider.swift */ = {isa = PBXFileReference; lastKnownFileType = sourcecode.swift; path = TimedSlider.swift; sourceTree = "<group>"; };
		01FF376C2010B9E7007F57E0 /* Extensions.swift */ = {isa = PBXFileReference; lastKnownFileType = sourcecode.swift; path = Extensions.swift; sourceTree = "<group>"; };
		01FF376E201224CB007F57E0 /* Models.swift */ = {isa = PBXFileReference; lastKnownFileType = sourcecode.swift; path = Models.swift; sourceTree = "<group>"; };
		2CE07EF62028883C00B3D939 /* Analytics.swift */ = {isa = PBXFileReference; fileEncoding = 4; lastKnownFileType = sourcecode.swift; path = Analytics.swift; sourceTree = "<group>"; };
		2CEBFBC9202827C700523FDE /* ArrowView.swift */ = {isa = PBXFileReference; lastKnownFileType = sourcecode.swift; path = ArrowView.swift; sourceTree = "<group>"; };
		36045FA7204D8338003C7406 /* UserPlaylistViewModel.swift */ = {isa = PBXFileReference; lastKnownFileType = sourcecode.swift; path = UserPlaylistViewModel.swift; sourceTree = "<group>"; };
		36045FA9204D8340003C7406 /* UserPlaylistModel.swift */ = {isa = PBXFileReference; lastKnownFileType = sourcecode.swift; path = UserPlaylistModel.swift; sourceTree = "<group>"; };
		36045FAB204D8347003C7406 /* UserPlaylistEmitter.swift */ = {isa = PBXFileReference; lastKnownFileType = sourcecode.swift; path = UserPlaylistEmitter.swift; sourceTree = "<group>"; };
		36045FAD204D8A87003C7406 /* UserPlaylistBuilder.swift */ = {isa = PBXFileReference; lastKnownFileType = sourcecode.swift; path = UserPlaylistBuilder.swift; sourceTree = "<group>"; };
		3604E81B20330E4100623C55 /* SmallTrackViewModel.swift */ = {isa = PBXFileReference; lastKnownFileType = sourcecode.swift; path = SmallTrackViewModel.swift; sourceTree = "<group>"; };
		361CD015204814A60097F8E9 /* ProfileHeaderView.swift */ = {isa = PBXFileReference; lastKnownFileType = sourcecode.swift; path = ProfileHeaderView.swift; sourceTree = "<group>"; };
		361CD017204815140097F8E9 /* LikeHeader.swift */ = {isa = PBXFileReference; lastKnownFileType = sourcecode.swift; path = LikeHeader.swift; sourceTree = "<group>"; };
		361CD01920482A410097F8E9 /* Common.swift */ = {isa = PBXFileReference; lastKnownFileType = sourcecode.swift; path = Common.swift; sourceTree = "<group>"; };
		3626C8CA2036A6200016772B /* SearchResultsController.swift */ = {isa = PBXFileReference; lastKnownFileType = sourcecode.swift; path = SearchResultsController.swift; sourceTree = "<group>"; };
		3626C8CD2036A6730016772B /* SearchViewModel.swift */ = {isa = PBXFileReference; lastKnownFileType = sourcecode.swift; path = SearchViewModel.swift; sourceTree = "<group>"; };
		3626C8CF2036A6790016772B /* SearchModel.swift */ = {isa = PBXFileReference; lastKnownFileType = sourcecode.swift; path = SearchModel.swift; sourceTree = "<group>"; };
		3626C8D12036A6800016772B /* SearchEmitter.swift */ = {isa = PBXFileReference; lastKnownFileType = sourcecode.swift; path = SearchEmitter.swift; sourceTree = "<group>"; };
		3626C8D32036A81E0016772B /* SearchChannelViewModel.swift */ = {isa = PBXFileReference; lastKnownFileType = sourcecode.swift; path = SearchChannelViewModel.swift; sourceTree = "<group>"; };
		365653F820358F980072087F /* PlaylistsModel.swift */ = {isa = PBXFileReference; lastKnownFileType = sourcecode.swift; path = PlaylistsModel.swift; sourceTree = "<group>"; };
		365653FA20358FA10072087F /* PlaylistsViewModel.swift */ = {isa = PBXFileReference; lastKnownFileType = sourcecode.swift; path = PlaylistsViewModel.swift; sourceTree = "<group>"; };
		365653FC20358FA90072087F /* PlaylistsEmitter.swift */ = {isa = PBXFileReference; lastKnownFileType = sourcecode.swift; path = PlaylistsEmitter.swift; sourceTree = "<group>"; };
		365653FE203592DD0072087F /* SearchBuilder.swift */ = {isa = PBXFileReference; lastKnownFileType = sourcecode.swift; path = SearchBuilder.swift; sourceTree = "<group>"; };
		365654012035A4550072087F /* PlaylistViewModel.swift */ = {isa = PBXFileReference; lastKnownFileType = sourcecode.swift; path = PlaylistViewModel.swift; sourceTree = "<group>"; };
		3659B22A203EE351009580E9 /* ChannelBuilder.swift */ = {isa = PBXFileReference; lastKnownFileType = sourcecode.swift; path = ChannelBuilder.swift; sourceTree = "<group>"; };
		365B0A1B2031983A006458F9 /* LikesEmitter.swift */ = {isa = PBXFileReference; lastKnownFileType = sourcecode.swift; path = LikesEmitter.swift; sourceTree = "<group>"; };
		365B0A1D20319844006458F9 /* LikesModel.swift */ = {isa = PBXFileReference; lastKnownFileType = sourcecode.swift; path = LikesModel.swift; sourceTree = "<group>"; };
		365B0A1F20319851006458F9 /* LikesViewModel.swift */ = {isa = PBXFileReference; lastKnownFileType = sourcecode.swift; path = LikesViewModel.swift; sourceTree = "<group>"; };
		36706D502031A7F3002097E7 /* ChannelsModel.swift */ = {isa = PBXFileReference; lastKnownFileType = sourcecode.swift; path = ChannelsModel.swift; sourceTree = "<group>"; };
		36706D522031A801002097E7 /* ChannelsViewModel.swift */ = {isa = PBXFileReference; lastKnownFileType = sourcecode.swift; path = ChannelsViewModel.swift; sourceTree = "<group>"; };
		36706D542031A809002097E7 /* ChannelsEmitter.swift */ = {isa = PBXFileReference; lastKnownFileType = sourcecode.swift; path = ChannelsEmitter.swift; sourceTree = "<group>"; };
		36813A6D203D671E00EAE49A /* MediumChannelViewModel.swift */ = {isa = PBXFileReference; fileEncoding = 4; lastKnownFileType = sourcecode.swift; path = MediumChannelViewModel.swift; sourceTree = "<group>"; };
		369301B02088A509003D11BC /* FeedViewModel.swift */ = {isa = PBXFileReference; lastKnownFileType = sourcecode.swift; name = FeedViewModel.swift; path = blockchainapp/scenes/Feed/Feed/FeedViewModel.swift; sourceTree = SOURCE_ROOT; };
		369301B12088A50A003D11BC /* FeedModel.swift */ = {isa = PBXFileReference; lastKnownFileType = sourcecode.swift; name = FeedModel.swift; path = blockchainapp/scenes/Feed/Feed/FeedModel.swift; sourceTree = SOURCE_ROOT; };
		369301B22088A50A003D11BC /* FeedEmitter.swift */ = {isa = PBXFileReference; lastKnownFileType = sourcecode.swift; name = FeedEmitter.swift; path = blockchainapp/scenes/Feed/Feed/FeedEmitter.swift; sourceTree = SOURCE_ROOT; };
		3695266F202C5EBF00F97E1E /* ProfileViewModel.swift */ = {isa = PBXFileReference; lastKnownFileType = sourcecode.swift; path = ProfileViewModel.swift; sourceTree = "<group>"; };
		36952671202C610100F97E1E /* ProfileModel.swift */ = {isa = PBXFileReference; lastKnownFileType = sourcecode.swift; path = ProfileModel.swift; sourceTree = "<group>"; };
		36DF1BFD201A00570017BDE7 /* ChannelsCollectionView.swift */ = {isa = PBXFileReference; lastKnownFileType = sourcecode.swift; path = ChannelsCollectionView.swift; sourceTree = "<group>"; };
		36E155A2204D6F1800C65DBE /* UserPlaylistViewController.swift */ = {isa = PBXFileReference; lastKnownFileType = sourcecode.swift; path = UserPlaylistViewController.swift; sourceTree = "<group>"; };
		36E155A4204D7C0E00C65DBE /* UserPlaylistManager.swift */ = {isa = PBXFileReference; lastKnownFileType = sourcecode.swift; path = UserPlaylistManager.swift; sourceTree = "<group>"; };
		36F32E84206257E400F67A76 /* fr */ = {isa = PBXFileReference; lastKnownFileType = text.plist.strings; name = fr; path = fr.lproj/LaunchScreen.strings; sourceTree = "<group>"; };
		36F32E85206257E400F67A76 /* fr */ = {isa = PBXFileReference; lastKnownFileType = text.plist.strings; name = fr; path = fr.lproj/Main.strings; sourceTree = "<group>"; };
		36F32E86206257E400F67A76 /* fr */ = {isa = PBXFileReference; lastKnownFileType = text.plist.strings; name = fr; path = fr.lproj/Localizable.strings; sourceTree = "<group>"; };
		36F613C9202D67C000661E48 /* ProfileEmitter.swift */ = {isa = PBXFileReference; lastKnownFileType = sourcecode.swift; path = ProfileEmitter.swift; sourceTree = "<group>"; };
		36F613CB202D6E3200661E48 /* ProfileBuilder.swift */ = {isa = PBXFileReference; lastKnownFileType = sourcecode.swift; path = ProfileBuilder.swift; sourceTree = "<group>"; };
		36F7C39A201AF73200F99A9A /* ChannelsCollectionViewCell.swift */ = {isa = PBXFileReference; lastKnownFileType = sourcecode.swift; path = ChannelsCollectionViewCell.swift; sourceTree = "<group>"; };
		36FB2F492033E33200ECA30D /* SmallChannelViewModel.swift */ = {isa = PBXFileReference; lastKnownFileType = sourcecode.swift; path = SmallChannelViewModel.swift; sourceTree = "<group>"; };
		678F07997865B266B43CA145 /* Pods-blockchainappTests.release.xcconfig */ = {isa = PBXFileReference; includeInIndex = 1; lastKnownFileType = text.xcconfig; name = "Pods-blockchainappTests.release.xcconfig"; path = "Pods/Target Support Files/Pods-blockchainappTests/Pods-blockchainappTests.release.xcconfig"; sourceTree = "<group>"; };
		68E8042BE89EC223F566C8D7 /* Pods_blockchainapp.framework */ = {isa = PBXFileReference; explicitFileType = wrapper.framework; includeInIndex = 0; path = Pods_blockchainapp.framework; sourceTree = BUILT_PRODUCTS_DIR; };
		9D0B18F4207F66A200CBE87B /* OthersEmitter.swift */ = {isa = PBXFileReference; lastKnownFileType = sourcecode.swift; path = OthersEmitter.swift; sourceTree = "<group>"; };
		9D0B18F6207F67D900CBE87B /* OthersModel.swift */ = {isa = PBXFileReference; lastKnownFileType = sourcecode.swift; path = OthersModel.swift; sourceTree = "<group>"; };
		9D0B18F8207F68E700CBE87B /* OthersViewModel.swift */ = {isa = PBXFileReference; lastKnownFileType = sourcecode.swift; path = OthersViewModel.swift; sourceTree = "<group>"; };
		9D0B18FA207F6AF100CBE87B /* OthersBuilder.swift */ = {isa = PBXFileReference; lastKnownFileType = sourcecode.swift; path = OthersBuilder.swift; sourceTree = "<group>"; };
		9D0B18FC207F775800CBE87B /* ShareInfo.swift */ = {isa = PBXFileReference; lastKnownFileType = sourcecode.swift; path = ShareInfo.swift; sourceTree = "<group>"; };
		9D54AA1A206B4AB400F693C0 /* PlaylistsTab.swift */ = {isa = PBXFileReference; lastKnownFileType = sourcecode.swift; path = PlaylistsTab.swift; sourceTree = "<group>"; };
		9D62CFCD20611642005A504A /* TrackInfoBuilder.swift */ = {isa = PBXFileReference; lastKnownFileType = sourcecode.swift; path = TrackInfoBuilder.swift; sourceTree = "<group>"; };
		9D88986020848065004A7575 /* MainPlayerBottomIconsView.swift */ = {isa = PBXFileReference; lastKnownFileType = sourcecode.swift; path = MainPlayerBottomIconsView.swift; sourceTree = "<group>"; };
		9D889863208482F7004A7575 /* MainPlayerBottomIconsEmitter.swift */ = {isa = PBXFileReference; lastKnownFileType = sourcecode.swift; path = MainPlayerBottomIconsEmitter.swift; sourceTree = "<group>"; };
		9DA077BE20343650002BF631 /* FullChannelViewModel.swift */ = {isa = PBXFileReference; lastKnownFileType = sourcecode.swift; path = FullChannelViewModel.swift; sourceTree = "<group>"; };
		9DA077CA20345055002BF631 /* ChannelViewModel.swift */ = {isa = PBXFileReference; lastKnownFileType = sourcecode.swift; path = ChannelViewModel.swift; sourceTree = "<group>"; };
		9DA077CC2034505F002BF631 /* ChannelModel.swift */ = {isa = PBXFileReference; lastKnownFileType = sourcecode.swift; path = ChannelModel.swift; sourceTree = "<group>"; };
		9DA077CE20345071002BF631 /* ChannelEmitter.swift */ = {isa = PBXFileReference; lastKnownFileType = sourcecode.swift; path = ChannelEmitter.swift; sourceTree = "<group>"; };
		9DC7E98B206B43EC001986D3 /* PlaylistsViewController.swift */ = {isa = PBXFileReference; lastKnownFileType = sourcecode.swift; path = PlaylistsViewController.swift; sourceTree = "<group>"; };
		9DC7E98D206B4504001986D3 /* PlaylistsBuilder.swift */ = {isa = PBXFileReference; lastKnownFileType = sourcecode.swift; path = PlaylistsBuilder.swift; sourceTree = "<group>"; };
		9DDB0D0A207B8BF100581613 /* OthersAlertController.swift */ = {isa = PBXFileReference; lastKnownFileType = sourcecode.swift; path = OthersAlertController.swift; sourceTree = "<group>"; };
		9DFAE6F22060F5EC00EF7C4D /* TrackInfoBlurView.swift */ = {isa = PBXFileReference; fileEncoding = 4; lastKnownFileType = sourcecode.swift; path = TrackInfoBlurView.swift; sourceTree = "<group>"; };
		9DFAE6F32060F5EC00EF7C4D /* TrackInfoViewController.swift */ = {isa = PBXFileReference; fileEncoding = 4; lastKnownFileType = sourcecode.swift; path = TrackInfoViewController.swift; sourceTree = "<group>"; };
		9DFAE6F62060FB1500EF7C4D /* TrackInfoHeaderView.swift */ = {isa = PBXFileReference; lastKnownFileType = sourcecode.swift; path = TrackInfoHeaderView.swift; sourceTree = "<group>"; };
		9DFAE6FE20610A4A00EF7C4D /* TrackInfoEmitter.swift */ = {isa = PBXFileReference; fileEncoding = 4; lastKnownFileType = sourcecode.swift; path = TrackInfoEmitter.swift; sourceTree = "<group>"; };
		9DFAE6FF20610A4B00EF7C4D /* TrackInfoModel.swift */ = {isa = PBXFileReference; fileEncoding = 4; lastKnownFileType = sourcecode.swift; path = TrackInfoModel.swift; sourceTree = "<group>"; };
		9DFAE70020610A4B00EF7C4D /* TrackInfoViewModel.swift */ = {isa = PBXFileReference; fileEncoding = 4; lastKnownFileType = sourcecode.swift; path = TrackInfoViewModel.swift; sourceTree = "<group>"; };
		A731DB6864B0878E37656300 /* Pods-blockchainappTests.debug.xcconfig */ = {isa = PBXFileReference; includeInIndex = 1; lastKnownFileType = text.xcconfig; name = "Pods-blockchainappTests.debug.xcconfig"; path = "Pods/Target Support Files/Pods-blockchainappTests/Pods-blockchainappTests.debug.xcconfig"; sourceTree = "<group>"; };
		C3013B1D55E47F2964830408 /* Pods-blockchainapp.debug.xcconfig */ = {isa = PBXFileReference; includeInIndex = 1; lastKnownFileType = text.xcconfig; name = "Pods-blockchainapp.debug.xcconfig"; path = "Pods/Target Support Files/Pods-blockchainapp/Pods-blockchainapp.debug.xcconfig"; sourceTree = "<group>"; };
		CF1E04821F82273D00D8812F /* DBHelpers.swift */ = {isa = PBXFileReference; lastKnownFileType = sourcecode.swift; path = DBHelpers.swift; sourceTree = "<group>"; };
		CF2715291F97BA370038C81C /* ru */ = {isa = PBXFileReference; lastKnownFileType = text.plist.strings; name = ru; path = ru.lproj/Main.storyboard; sourceTree = "<group>"; };
		CF27152A1F97BA370038C81C /* ru */ = {isa = PBXFileReference; lastKnownFileType = text.plist.strings; name = ru; path = ru.lproj/LaunchScreen.storyboard; sourceTree = "<group>"; };
		CF27152E1F97C79A0038C81C /* ru */ = {isa = PBXFileReference; lastKnownFileType = text.plist.strings; name = ru; path = ru.lproj/Localizable.strings; sourceTree = "<group>"; };
		CF2715301F97C79F0038C81C /* en */ = {isa = PBXFileReference; lastKnownFileType = text.plist.strings; name = en; path = en.lproj/Localizable.strings; sourceTree = "<group>"; };
		CF4453261F54139900660474 /* blockchainapp.app */ = {isa = PBXFileReference; explicitFileType = wrapper.application; includeInIndex = 0; path = blockchainapp.app; sourceTree = BUILT_PRODUCTS_DIR; };
		CF4453291F54139900660474 /* AppDelegate.swift */ = {isa = PBXFileReference; lastKnownFileType = sourcecode.swift; path = AppDelegate.swift; sourceTree = "<group>"; };
		CF44532E1F54139900660474 /* Base */ = {isa = PBXFileReference; lastKnownFileType = file.storyboard; name = Base; path = Base.lproj/Main.storyboard; sourceTree = "<group>"; };
		CF4453331F54139900660474 /* Base */ = {isa = PBXFileReference; lastKnownFileType = file.storyboard; name = Base; path = Base.lproj/LaunchScreen.storyboard; sourceTree = "<group>"; };
		CF4453351F54139900660474 /* Info.plist */ = {isa = PBXFileReference; lastKnownFileType = text.plist.xml; path = Info.plist; sourceTree = "<group>"; };
		CF44533A1F54139900660474 /* blockchainappTests.xctest */ = {isa = PBXFileReference; explicitFileType = wrapper.cfbundle; includeInIndex = 0; path = blockchainappTests.xctest; sourceTree = BUILT_PRODUCTS_DIR; };
		CF44533E1F54139900660474 /* blockchainappTests.swift */ = {isa = PBXFileReference; lastKnownFileType = sourcecode.swift; path = blockchainappTests.swift; sourceTree = "<group>"; };
		CF4453401F54139900660474 /* Info.plist */ = {isa = PBXFileReference; lastKnownFileType = text.plist.xml; path = Info.plist; sourceTree = "<group>"; };
		CF4453451F54139900660474 /* blockchainappUITests.xctest */ = {isa = PBXFileReference; explicitFileType = wrapper.cfbundle; includeInIndex = 0; path = blockchainappUITests.xctest; sourceTree = BUILT_PRODUCTS_DIR; };
		CF4453491F54139900660474 /* blockchainappUITests.swift */ = {isa = PBXFileReference; lastKnownFileType = sourcecode.swift; path = blockchainappUITests.swift; sourceTree = "<group>"; };
		CF44534B1F54139900660474 /* Info.plist */ = {isa = PBXFileReference; lastKnownFileType = text.plist.xml; path = Info.plist; sourceTree = "<group>"; };
		CF4453581F55400F00660474 /* MainModels.swift */ = {isa = PBXFileReference; fileEncoding = 4; lastKnownFileType = sourcecode.swift; path = MainModels.swift; sourceTree = "<group>"; };
		CF44535A1F55406B00660474 /* Managers.swift */ = {isa = PBXFileReference; fileEncoding = 4; lastKnownFileType = sourcecode.swift; path = Managers.swift; sourceTree = "<group>"; };
		CF44535D1F569D4E00660474 /* StyleExtension.swift */ = {isa = PBXFileReference; fileEncoding = 4; lastKnownFileType = sourcecode.swift; path = StyleExtension.swift; sourceTree = "<group>"; };
		CF4453611F56CA2E00660474 /* FeedViewController.swift */ = {isa = PBXFileReference; fileEncoding = 4; lastKnownFileType = sourcecode.swift; path = FeedViewController.swift; sourceTree = "<group>"; };
		CF4453681F57F4D200660474 /* ChannelsViewController.swift */ = {isa = PBXFileReference; fileEncoding = 4; lastKnownFileType = sourcecode.swift; path = ChannelsViewController.swift; sourceTree = "<group>"; };
		CF4453721F5D8EBE00660474 /* MainTabViewController.swift */ = {isa = PBXFileReference; fileEncoding = 4; lastKnownFileType = sourcecode.swift; path = MainTabViewController.swift; sourceTree = "<group>"; };
		CF4453741F666BB800660474 /* DBModels.swift */ = {isa = PBXFileReference; fileEncoding = 4; lastKnownFileType = sourcecode.swift; path = DBModels.swift; sourceTree = "<group>"; };
		D0AA887CF3A1B7E3E70BDB43 /* Pods_blockchainappTests.framework */ = {isa = PBXFileReference; explicitFileType = wrapper.framework; includeInIndex = 0; path = Pods_blockchainappTests.framework; sourceTree = BUILT_PRODUCTS_DIR; };
		D0F0C982204F108F173327BA /* Pods-blockchainapp.release.xcconfig */ = {isa = PBXFileReference; includeInIndex = 1; lastKnownFileType = text.xcconfig; name = "Pods-blockchainapp.release.xcconfig"; path = "Pods/Target Support Files/Pods-blockchainapp/Pods-blockchainapp.release.xcconfig"; sourceTree = "<group>"; };
		DEFD7991728A8F7D902C8F79 /* Pods-blockchainappUITests.debug.xcconfig */ = {isa = PBXFileReference; includeInIndex = 1; lastKnownFileType = text.xcconfig; name = "Pods-blockchainappUITests.debug.xcconfig"; path = "Pods/Target Support Files/Pods-blockchainappUITests/Pods-blockchainappUITests.debug.xcconfig"; sourceTree = "<group>"; };
		E5E40995E32B295D839BCEE7 /* Pods-blockchainappUITests.release.xcconfig */ = {isa = PBXFileReference; includeInIndex = 1; lastKnownFileType = text.xcconfig; name = "Pods-blockchainappUITests.release.xcconfig"; path = "Pods/Target Support Files/Pods-blockchainappUITests/Pods-blockchainappUITests.release.xcconfig"; sourceTree = "<group>"; };
		FD10B17549A87867E48B318C /* AppUI.swift */ = {isa = PBXFileReference; fileEncoding = 4; lastKnownFileType = sourcecode.swift; path = AppUI.swift; sourceTree = "<group>"; };
		FD10B4E092F837E850DC5B81 /* PlayerModel.swift */ = {isa = PBXFileReference; fileEncoding = 4; lastKnownFileType = sourcecode.swift; path = PlayerModel.swift; sourceTree = "<group>"; };
		FD10B60FFE491AF62B1A26A6 /* PlayerBuilder.swift */ = {isa = PBXFileReference; fileEncoding = 4; lastKnownFileType = sourcecode.swift; path = PlayerBuilder.swift; sourceTree = "<group>"; };
		FD10B8B30CD6B62E0F3033C8 /* PlayerEmitter.swift */ = {isa = PBXFileReference; fileEncoding = 4; lastKnownFileType = sourcecode.swift; path = PlayerEmitter.swift; sourceTree = "<group>"; };
		FD10BCD04C8F930B5738957F /* PlayerViewModel.swift */ = {isa = PBXFileReference; fileEncoding = 4; lastKnownFileType = sourcecode.swift; path = PlayerViewModel.swift; sourceTree = "<group>"; };
		FD10BE55E82F75A804CA6B47 /* RequestManager.swift */ = {isa = PBXFileReference; fileEncoding = 4; lastKnownFileType = sourcecode.swift; path = RequestManager.swift; sourceTree = "<group>"; };
/* End PBXFileReference section */

/* Begin PBXFrameworksBuildPhase section */
		CF4453231F54139900660474 /* Frameworks */ = {
			isa = PBXFrameworksBuildPhase;
			buildActionMask = 2147483647;
			files = (
				01321B641FCDADF7009BFE62 /* Pods_blockchainapp.framework in Frameworks */,
				CFA4842C919729E5AACAD804 /* Pods_blockchainapp.framework in Frameworks */,
			);
			runOnlyForDeploymentPostprocessing = 0;
		};
		CF4453371F54139900660474 /* Frameworks */ = {
			isa = PBXFrameworksBuildPhase;
			buildActionMask = 2147483647;
			files = (
				F3E0F17E5D26D127B088066C /* Pods_blockchainappTests.framework in Frameworks */,
			);
			runOnlyForDeploymentPostprocessing = 0;
		};
		CF4453421F54139900660474 /* Frameworks */ = {
			isa = PBXFrameworksBuildPhase;
			buildActionMask = 2147483647;
			files = (
				80BFB915972D1246DB660A8D /* Pods_blockchainappUITests.framework in Frameworks */,
			);
			runOnlyForDeploymentPostprocessing = 0;
		};
/* End PBXFrameworksBuildPhase section */

/* Begin PBXGroup section */
		01510EB01FE0E8EC003AC116 /* SearchScreen */ = {
			isa = PBXGroup;
			children = (
				365653FE203592DD0072087F /* SearchBuilder.swift */,
				01510EB31FE0F421003AC116 /* SearchViewController.swift */,
				3626C8CA2036A6200016772B /* SearchResultsController.swift */,
				019FB2521FE279BF0007FDEE /* SmallChannelTableViewCell.swift */,
				3626C8CC2036A6600016772B /* Search */,
			);
			path = SearchScreen;
			sourceTree = "<group>";
		};
		0160BB262031B12300D7C3CB /* managers */ = {
			isa = PBXGroup;
			children = (
				2CE07EF62028883C00B3D939 /* Analytics.swift */,
				CF1E04821F82273D00D8812F /* DBHelpers.swift */,
				CF4453741F666BB800660474 /* DBModels.swift */,
				014913842036ECBF004058CB /* InAppUpdateManager.swift */,
				CF44535A1F55406B00660474 /* Managers.swift */,
				FD10BE55E82F75A804CA6B47 /* RequestManager.swift */,
				01418561203C41EA004C69F0 /* ServerUpdateManager.swift */,
			);
			path = managers;
			sourceTree = "<group>";
		};
		019B3DC41FCC4599008C3B76 /* ChannelScreen */ = {
			isa = PBXGroup;
			children = (
				3659B22A203EE351009580E9 /* ChannelBuilder.swift */,
				019B3DC51FCC45B5008C3B76 /* ChannelViewController.swift */,
				019B3DC71FCC45C8008C3B76 /* ChannelHeaderView.swift */,
				01510EAE1FDFFD4C003AC116 /* ChannelTrackCell.swift */,
				9DA077CE20345071002BF631 /* ChannelEmitter.swift */,
				9DA077CC2034505F002BF631 /* ChannelModel.swift */,
				9DA077CA20345055002BF631 /* ChannelViewModel.swift */,
				9DA077BE20343650002BF631 /* FullChannelViewModel.swift */,
			);
			path = ChannelScreen;
			sourceTree = "<group>";
		};
		01AA891F1FC5610500D50C13 /* Profile */ = {
			isa = PBXGroup;
			children = (
				36F613CB202D6E3200661E48 /* ProfileBuilder.swift */,
				01AA89201FC5612500D50C13 /* ProfileViewController.swift */,
				361CD015204814A60097F8E9 /* ProfileHeaderView.swift */,
				361CD017204815140097F8E9 /* LikeHeader.swift */,
				01AA89221FC5989E00D50C13 /* SmallTrackTableViewCell.swift */,
				3604E81B20330E4100623C55 /* SmallTrackViewModel.swift */,
				365B0A1A20319817006458F9 /* Likes */,
				365B0A19203197D7006458F9 /* Profile */,
			);
			path = Profile;
			sourceTree = "<group>";
		};
		01E1991D1FE8FBF30016060E /* Settings */ = {
			isa = PBXGroup;
			children = (
				01E1991E1FE8FC0D0016060E /* SettingsViewController.swift */,
			);
			path = Settings;
			sourceTree = "<group>";
		};
		01E52E3A1FC7E33900CCFCC2 /* UI Extensions */ = {
			isa = PBXGroup;
			children = (
				01FF376C2010B9E7007F57E0 /* Extensions.swift */,
				019FB2541FE27DEE0007FDEE /* FollowButton.swift */,
				01E52E3B1FC7E34C00CCFCC2 /* IconedLabel.swift */,
				01FF31681FD1840600FB2B9E /* TimedSlider.swift */,
				01AA891C1FC45D0500D50C13 /* UndBlurLabel.swift */,
			);
			path = "UI Extensions";
			sourceTree = "<group>";
		};
		01FF376B201072B7007F57E0 /* AudioCore */ = {
			isa = PBXGroup;
			children = (
				015812A11FD80AF1002828F5 /* AudioController.swift */,
				015088832006472200E42F7D /* AudioPlayer.swift */,
				01FF376E201224CB007F57E0 /* Models.swift */,
			);
			path = AudioCore;
			sourceTree = "<group>";
		};
		3626C8CC2036A6600016772B /* Search */ = {
			isa = PBXGroup;
			children = (
				3626C8D12036A6800016772B /* SearchEmitter.swift */,
				3626C8CF2036A6790016772B /* SearchModel.swift */,
				3626C8CD2036A6730016772B /* SearchViewModel.swift */,
				3626C8D32036A81E0016772B /* SearchChannelViewModel.swift */,
			);
			path = Search;
			sourceTree = "<group>";
		};
		365654002035987A0072087F /* Playlists */ = {
			isa = PBXGroup;
			children = (
				365653FC20358FA90072087F /* PlaylistsEmitter.swift */,
				365653F820358F980072087F /* PlaylistsModel.swift */,
				365653FA20358FA10072087F /* PlaylistsViewModel.swift */,
				365654012035A4550072087F /* PlaylistViewModel.swift */,
			);
			path = Playlists;
			sourceTree = "<group>";
		};
		365B0A19203197D7006458F9 /* Profile */ = {
			isa = PBXGroup;
			children = (
				36F613C9202D67C000661E48 /* ProfileEmitter.swift */,
				36952671202C610100F97E1E /* ProfileModel.swift */,
				3695266F202C5EBF00F97E1E /* ProfileViewModel.swift */,
			);
			path = Profile;
			sourceTree = "<group>";
		};
		365B0A1A20319817006458F9 /* Likes */ = {
			isa = PBXGroup;
			children = (
				365B0A1B2031983A006458F9 /* LikesEmitter.swift */,
				365B0A1D20319844006458F9 /* LikesModel.swift */,
				365B0A1F20319851006458F9 /* LikesViewModel.swift */,
			);
			path = Likes;
			sourceTree = "<group>";
		};
		369301B62088A519003D11BC /* Feed */ = {
			isa = PBXGroup;
			children = (
				369301B22088A50A003D11BC /* FeedEmitter.swift */,
				369301B12088A50A003D11BC /* FeedModel.swift */,
				369301B02088A509003D11BC /* FeedViewModel.swift */,
			);
			name = Feed;
			path = "New Group";
			sourceTree = "<group>";
		};
		36E1559F204D6ECB00C65DBE /* UserPlaylist */ = {
			isa = PBXGroup;
			children = (
				36045FAD204D8A87003C7406 /* UserPlaylistBuilder.swift */,
				36E155A2204D6F1800C65DBE /* UserPlaylistViewController.swift */,
				36E155A4204D7C0E00C65DBE /* UserPlaylistManager.swift */,
				36045FA7204D8338003C7406 /* UserPlaylistViewModel.swift */,
				36045FA9204D8340003C7406 /* UserPlaylistModel.swift */,
				36045FAB204D8347003C7406 /* UserPlaylistEmitter.swift */,
			);
			path = UserPlaylist;
			sourceTree = "<group>";
		};
		36F7C399201AF71200F99A9A /* Channels */ = {
			isa = PBXGroup;
			children = (
				36DF1BFD201A00570017BDE7 /* ChannelsCollectionView.swift */,
				36F7C39A201AF73200F99A9A /* ChannelsCollectionViewCell.swift */,
				36706D542031A809002097E7 /* ChannelsEmitter.swift */,
				36706D502031A7F3002097E7 /* ChannelsModel.swift */,
				36706D522031A801002097E7 /* ChannelsViewModel.swift */,
				36FB2F492033E33200ECA30D /* SmallChannelViewModel.swift */,
			);
			path = Channels;
			sourceTree = "<group>";
		};
		9D4DB1CC206A8B1D00B767FE /* Playlists */ = {
			isa = PBXGroup;
			children = (
				9D54AA1A206B4AB400F693C0 /* PlaylistsTab.swift */,
				36E1559F204D6ECB00C65DBE /* UserPlaylist */,
				9D979663206B62E700283825 /* Recommended */,
			);
			path = Playlists;
			sourceTree = "<group>";
		};
		9D889862208482D7004A7575 /* BottomItems */ = {
			isa = PBXGroup;
			children = (
				9D88986020848065004A7575 /* MainPlayerBottomIconsView.swift */,
				9D889863208482F7004A7575 /* MainPlayerBottomIconsEmitter.swift */,
			);
			path = BottomItems;
			sourceTree = "<group>";
		};
		9D931AFB207B26C100BAFC51 /* TrackInfo */ = {
			isa = PBXGroup;
			children = (
				9DFAE6FE20610A4A00EF7C4D /* TrackInfoEmitter.swift */,
				9DFAE6FF20610A4B00EF7C4D /* TrackInfoModel.swift */,
				9DFAE70020610A4B00EF7C4D /* TrackInfoViewModel.swift */,
			);
			path = TrackInfo;
			sourceTree = "<group>";
		};
		9D979663206B62E700283825 /* Recommended */ = {
			isa = PBXGroup;
			children = (
				9DC7E98D206B4504001986D3 /* PlaylistsBuilder.swift */,
				9DC7E98B206B43EC001986D3 /* PlaylistsViewController.swift */,
				019FB2561FE297F20007FDEE /* PlaylistTableViewCell.swift */,
				365654002035987A0072087F /* Playlists */,
			);
			path = Recommended;
			sourceTree = "<group>";
		};
		9DDB0D07207B8A9F00581613 /* Others */ = {
			isa = PBXGroup;
			children = (
				9DDB0D0A207B8BF100581613 /* OthersAlertController.swift */,
				9D0B18FA207F6AF100CBE87B /* OthersBuilder.swift */,
				9D0B18F4207F66A200CBE87B /* OthersEmitter.swift */,
				9D0B18F6207F67D900CBE87B /* OthersModel.swift */,
				9D0B18F8207F68E700CBE87B /* OthersViewModel.swift */,
				9D0B18FC207F775800CBE87B /* ShareInfo.swift */,
			);
			path = Others;
			sourceTree = "<group>";
		};
		9DFAE6F12060F5EC00EF7C4D /* TrackInfo */ = {
			isa = PBXGroup;
			children = (
				9DFAE6F22060F5EC00EF7C4D /* TrackInfoBlurView.swift */,
				9DFAE6F32060F5EC00EF7C4D /* TrackInfoViewController.swift */,
				9DFAE6F62060FB1500EF7C4D /* TrackInfoHeaderView.swift */,
				9D62CFCD20611642005A504A /* TrackInfoBuilder.swift */,
				9D931AFB207B26C100BAFC51 /* TrackInfo */,
			);
			path = TrackInfo;
			sourceTree = "<group>";
		};
		CF44531D1F54139900660474 = {
			isa = PBXGroup;
			children = (
				CF4453281F54139900660474 /* blockchainapp */,
				FA0295970B9760974875F641 /* Frameworks */,
				D6466F373F64D97EFA77D614 /* Pods */,
				CF4453271F54139900660474 /* Products */,
				CF44533D1F54139900660474 /* blockchainappTests */,
				CF4453481F54139900660474 /* blockchainappUITests */,
			);
			sourceTree = "<group>";
		};
		CF4453271F54139900660474 /* Products */ = {
			isa = PBXGroup;
			children = (
				CF4453261F54139900660474 /* blockchainapp.app */,
				CF44533A1F54139900660474 /* blockchainappTests.xctest */,
				CF4453451F54139900660474 /* blockchainappUITests.xctest */,
			);
			name = Products;
			sourceTree = "<group>";
		};
		CF4453281F54139900660474 /* blockchainapp */ = {
			isa = PBXGroup;
			children = (
				01E52E3A1FC7E33900CCFCC2 /* UI Extensions */,
				CF44535C1F569D1E00660474 /* extensions */,
				0160BB262031B12300D7C3CB /* managers */,
				CF4453571F553FE400660474 /* models */,
				CF44535F1F56C9D700660474 /* scenes */,
				CF4453291F54139900660474 /* AppDelegate.swift */,
				0195E8FC203EE0ED005AC202 /* MainRouter.swift */,
				01FF31661FD16FBA00FB2B9E /* Assets.xcassets */,
				CF4453351F54139900660474 /* Info.plist */,
				CF4453321F54139900660474 /* LaunchScreen.storyboard */,
				CF27152F1F97C79A0038C81C /* Localizable.strings */,
				CF44532D1F54139900660474 /* Main.storyboard */,
				01BF29F620749F6600CF877A /* LIPRouter.swift */,
			);
			path = blockchainapp;
			sourceTree = "<group>";
		};
		CF44533D1F54139900660474 /* blockchainappTests */ = {
			isa = PBXGroup;
			children = (
				CF4453401F54139900660474 /* Info.plist */,
				CF44533E1F54139900660474 /* blockchainappTests.swift */,
				010EBAF0205A3C3700FDE34A /* ModelsTests.swift */,
			);
			path = blockchainappTests;
			sourceTree = "<group>";
		};
		CF4453481F54139900660474 /* blockchainappUITests */ = {
			isa = PBXGroup;
			children = (
				CF44534B1F54139900660474 /* Info.plist */,
				CF4453491F54139900660474 /* blockchainappUITests.swift */,
			);
			path = blockchainappUITests;
			sourceTree = "<group>";
		};
		CF4453571F553FE400660474 /* models */ = {
			isa = PBXGroup;
			children = (
				01FF376B201072B7007F57E0 /* AudioCore */,
				CF4453581F55400F00660474 /* MainModels.swift */,
				0160BB2420315AA400D7C3CB /* Channel.swift */,
				0160BB222031596600D7C3CB /* Track.swift */,
				01E1991B1FE8DBB00016060E /* UserSettings.swift */,
			);
			path = models;
			sourceTree = "<group>";
		};
		CF44535C1F569D1E00660474 /* extensions */ = {
			isa = PBXGroup;
			children = (
				FD10B17549A87867E48B318C /* AppUI.swift */,
				01A68D681FC2E1290074F1D5 /* NewFeedLabel.swift */,
				01510EAC1FDED922003AC116 /* RealmExtension.swift */,
				CF44535D1F569D4E00660474 /* StyleExtension.swift */,
				361CD01920482A410097F8E9 /* Common.swift */,
			);
			path = extensions;
			sourceTree = "<group>";
		};
		CF44535F1F56C9D700660474 /* scenes */ = {
			isa = PBXGroup;
			children = (
				9DDB0D07207B8A9F00581613 /* Others */,
				9D4DB1CC206A8B1D00B767FE /* Playlists */,
				CF4453601F56C9E600660474 /* Feed */,
				9DFAE6F12060F5EC00EF7C4D /* TrackInfo */,
				CF4453671F57F42800660474 /* Channels */,
				019B3DC41FCC4599008C3B76 /* ChannelScreen */,
				01510EB01FE0E8EC003AC116 /* SearchScreen */,
				01AA891F1FC5610500D50C13 /* Profile */,
				01E1991D1FE8FBF30016060E /* Settings */,
				CF44536E1F5D787A00660474 /* Player */,
				CF4453711F5D8E8600660474 /* TabController */,
			);
			path = scenes;
			sourceTree = "<group>";
		};
		CF4453601F56C9E600660474 /* Feed */ = {
			isa = PBXGroup;
			children = (
				0158129D1FD70793002828F5 /* FeedBuilders.swift */,
				CF4453611F56CA2E00660474 /* FeedViewController.swift */,
				0184A02C1FC1AD0B009FF5CB /* FeedTableViewCell.swift */,
				01D2F4A12029E15E00E43B67 /* TrackViewModel.swift */,
				369301B62088A519003D11BC /* Feed */,
				36F7C399201AF71200F99A9A /* Channels */,
			);
			path = Feed;
			sourceTree = "<group>";
		};
		CF4453671F57F42800660474 /* Channels */ = {
			isa = PBXGroup;
			children = (
				0158129B1FD70561002828F5 /* ChannelsBuilder.swift */,
				CF4453681F57F4D200660474 /* ChannelsViewController.swift */,
				015812991FD6ACC9002828F5 /* ChannelTableViewCell.swift */,
				36813A6D203D671E00EAE49A /* MediumChannelViewModel.swift */,
			);
			path = Channels;
			sourceTree = "<group>";
		};
		CF44536E1F5D787A00660474 /* Player */ = {
			isa = PBXGroup;
			children = (
				2CEBFBC9202827C700523FDE /* ArrowView.swift */,
				01EFC874201A240B005321B9 /* MainPlayerViewController.swift */,
				01EFC8702019AEA9005321B9 /* MiniPlayerView.swift */,
				014761132010620F006E3373 /* PlayerTableViewCell.swift */,
				01EFC872201A21D6005321B9 /* PlayerViewController.swift */,
				01EFC876201A2421005321B9 /* PlaylistViewController.swift */,
				FD10BCD04C8F930B5738957F /* PlayerViewModel.swift */,
				FD10B4E092F837E850DC5B81 /* PlayerModel.swift */,
				FD10B8B30CD6B62E0F3033C8 /* PlayerEmitter.swift */,
				FD10B60FFE491AF62B1A26A6 /* PlayerBuilder.swift */,
				9D889862208482D7004A7575 /* BottomItems */,
			);
			path = Player;
			sourceTree = "<group>";
		};
		CF4453711F5D8E8600660474 /* TabController */ = {
			isa = PBXGroup;
			children = (
				CF4453721F5D8EBE00660474 /* MainTabViewController.swift */,
			);
			path = TabController;
			sourceTree = "<group>";
		};
		D6466F373F64D97EFA77D614 /* Pods */ = {
			isa = PBXGroup;
			children = (
				C3013B1D55E47F2964830408 /* Pods-blockchainapp.debug.xcconfig */,
				D0F0C982204F108F173327BA /* Pods-blockchainapp.release.xcconfig */,
				A731DB6864B0878E37656300 /* Pods-blockchainappTests.debug.xcconfig */,
				678F07997865B266B43CA145 /* Pods-blockchainappTests.release.xcconfig */,
				DEFD7991728A8F7D902C8F79 /* Pods-blockchainappUITests.debug.xcconfig */,
				E5E40995E32B295D839BCEE7 /* Pods-blockchainappUITests.release.xcconfig */,
			);
			name = Pods;
			sourceTree = "<group>";
		};
		FA0295970B9760974875F641 /* Frameworks */ = {
			isa = PBXGroup;
			children = (
				01DBC533205AAA9000EF832D /* Realm.framework */,
				01DBC534205AAA9000EF832D /* RealmSwift.framework */,
				01DBC530205AAA6C00EF832D /* Pods_blockchainapp.framework */,
				01321B651FCDADF7009BFE62 /* Pods_blockchainapp.framework */,
				68E8042BE89EC223F566C8D7 /* Pods_blockchainapp.framework */,
				D0AA887CF3A1B7E3E70BDB43 /* Pods_blockchainappTests.framework */,
				00AD6F163D6AF5595672790C /* Pods_blockchainappUITests.framework */,
			);
			name = Frameworks;
			sourceTree = "<group>";
		};
/* End PBXGroup section */

/* Begin PBXNativeTarget section */
		CF4453251F54139900660474 /* blockchainapp */ = {
			isa = PBXNativeTarget;
			buildConfigurationList = CF44534E1F54139900660474 /* Build configuration list for PBXNativeTarget "blockchainapp" */;
			buildPhases = (
				69FD1FFD8E350820AE7043D5 /* [CP] Check Pods Manifest.lock */,
				CF4453221F54139900660474 /* Sources */,
				CF4453231F54139900660474 /* Frameworks */,
				CF4453241F54139900660474 /* Resources */,
				85CB1106F2638EFC2373BB7A /* [CP] Embed Pods Frameworks */,
				01321B681FCDADFF009BFE62 /* Embed Frameworks */,
				01EB96C320171CEE00D5A419 /* Run Script */,
			);
			buildRules = (
			);
			dependencies = (
			);
			name = blockchainapp;
			productName = blockchainapp;
			productReference = CF4453261F54139900660474 /* blockchainapp.app */;
			productType = "com.apple.product-type.application";
		};
		CF4453391F54139900660474 /* blockchainappTests */ = {
			isa = PBXNativeTarget;
			buildConfigurationList = CF4453511F54139900660474 /* Build configuration list for PBXNativeTarget "blockchainappTests" */;
			buildPhases = (
				0A2A98277A51798E4E839C22 /* [CP] Check Pods Manifest.lock */,
				CF4453361F54139900660474 /* Sources */,
				CF4453371F54139900660474 /* Frameworks */,
				CF4453381F54139900660474 /* Resources */,
			);
			buildRules = (
			);
			dependencies = (
				CF44533C1F54139900660474 /* PBXTargetDependency */,
			);
			name = blockchainappTests;
			productName = blockchainappTests;
			productReference = CF44533A1F54139900660474 /* blockchainappTests.xctest */;
			productType = "com.apple.product-type.bundle.unit-test";
		};
		CF4453441F54139900660474 /* blockchainappUITests */ = {
			isa = PBXNativeTarget;
			buildConfigurationList = CF4453541F54139900660474 /* Build configuration list for PBXNativeTarget "blockchainappUITests" */;
			buildPhases = (
				11A5E677B9FF406F94FF6BE6 /* [CP] Check Pods Manifest.lock */,
				CF4453411F54139900660474 /* Sources */,
				CF4453421F54139900660474 /* Frameworks */,
				CF4453431F54139900660474 /* Resources */,
			);
			buildRules = (
			);
			dependencies = (
				CF4453471F54139900660474 /* PBXTargetDependency */,
			);
			name = blockchainappUITests;
			productName = blockchainappUITests;
			productReference = CF4453451F54139900660474 /* blockchainappUITests.xctest */;
			productType = "com.apple.product-type.bundle.ui-testing";
		};
/* End PBXNativeTarget section */

/* Begin PBXProject section */
		CF44531E1F54139900660474 /* Project object */ = {
			isa = PBXProject;
			attributes = {
				LastSwiftUpdateCheck = 0830;
				LastUpgradeCheck = 0930;
				ORGANIZATIONNAME = "Ivan Gorbulin";
				TargetAttributes = {
					CF4453251F54139900660474 = {
						CreatedOnToolsVersion = 8.3.3;
						DevelopmentTeam = UW85D37HPT;
						LastSwiftMigration = 0910;
						ProvisioningStyle = Automatic;
					};
					CF4453391F54139900660474 = {
						CreatedOnToolsVersion = 8.3.3;
						DevelopmentTeam = UW85D37HPT;
						ProvisioningStyle = Automatic;
						TestTargetID = CF4453251F54139900660474;
					};
					CF4453441F54139900660474 = {
						CreatedOnToolsVersion = 8.3.3;
						DevelopmentTeam = UW85D37HPT;
						ProvisioningStyle = Automatic;
						TestTargetID = CF4453251F54139900660474;
					};
				};
			};
			buildConfigurationList = CF4453211F54139900660474 /* Build configuration list for PBXProject "blockchainapp" */;
			compatibilityVersion = "Xcode 3.2";
			developmentRegion = English;
			hasScannedForEncodings = 0;
			knownRegions = (
				en,
				Base,
				fr,
			);
			mainGroup = CF44531D1F54139900660474;
			productRefGroup = CF4453271F54139900660474 /* Products */;
			projectDirPath = "";
			projectRoot = "";
			targets = (
				CF4453251F54139900660474 /* blockchainapp */,
				CF4453391F54139900660474 /* blockchainappTests */,
				CF4453441F54139900660474 /* blockchainappUITests */,
			);
		};
/* End PBXProject section */

/* Begin PBXResourcesBuildPhase section */
		CF4453241F54139900660474 /* Resources */ = {
			isa = PBXResourcesBuildPhase;
			buildActionMask = 2147483647;
			files = (
				CF4453341F54139900660474 /* LaunchScreen.storyboard in Resources */,
				CF27152D1F97C79A0038C81C /* Localizable.strings in Resources */,
				01FF31671FD16FBB00FB2B9E /* Assets.xcassets in Resources */,
				CF44532F1F54139900660474 /* Main.storyboard in Resources */,
			);
			runOnlyForDeploymentPostprocessing = 0;
		};
		CF4453381F54139900660474 /* Resources */ = {
			isa = PBXResourcesBuildPhase;
			buildActionMask = 2147483647;
			files = (
			);
			runOnlyForDeploymentPostprocessing = 0;
		};
		CF4453431F54139900660474 /* Resources */ = {
			isa = PBXResourcesBuildPhase;
			buildActionMask = 2147483647;
			files = (
			);
			runOnlyForDeploymentPostprocessing = 0;
		};
/* End PBXResourcesBuildPhase section */

/* Begin PBXShellScriptBuildPhase section */
		01EB96C320171CEE00D5A419 /* Run Script */ = {
			isa = PBXShellScriptBuildPhase;
			buildActionMask = 2147483647;
			files = (
			);
			inputPaths = (
			);
			name = "Run Script";
			outputPaths = (
			);
			runOnlyForDeploymentPostprocessing = 0;
			shellPath = /bin/sh;
			shellScript = "\"${PODS_ROOT}/Fabric/run\" fb78ed9a96aa52005e34cdb8a48b73973dcdd0f8 78e9118fa68fa92aa64e71fe7efb63980a37da620fa8e4878d743255b3e005f1\n";
		};
		0A2A98277A51798E4E839C22 /* [CP] Check Pods Manifest.lock */ = {
			isa = PBXShellScriptBuildPhase;
			buildActionMask = 2147483647;
			files = (
			);
			inputPaths = (
				"${PODS_PODFILE_DIR_PATH}/Podfile.lock",
				"${PODS_ROOT}/Manifest.lock",
			);
			name = "[CP] Check Pods Manifest.lock";
			outputPaths = (
				"$(DERIVED_FILE_DIR)/Pods-blockchainappTests-checkManifestLockResult.txt",
			);
			runOnlyForDeploymentPostprocessing = 0;
			shellPath = /bin/sh;
			shellScript = "diff \"${PODS_PODFILE_DIR_PATH}/Podfile.lock\" \"${PODS_ROOT}/Manifest.lock\" > /dev/null\nif [ $? != 0 ] ; then\n    # print error to STDERR\n    echo \"error: The sandbox is not in sync with the Podfile.lock. Run 'pod install' or update your CocoaPods installation.\" >&2\n    exit 1\nfi\n# This output is used by Xcode 'outputs' to avoid re-running this script phase.\necho \"SUCCESS\" > \"${SCRIPT_OUTPUT_FILE_0}\"\n";
			showEnvVarsInLog = 0;
		};
		11A5E677B9FF406F94FF6BE6 /* [CP] Check Pods Manifest.lock */ = {
			isa = PBXShellScriptBuildPhase;
			buildActionMask = 2147483647;
			files = (
			);
			inputPaths = (
				"${PODS_PODFILE_DIR_PATH}/Podfile.lock",
				"${PODS_ROOT}/Manifest.lock",
			);
			name = "[CP] Check Pods Manifest.lock";
			outputPaths = (
				"$(DERIVED_FILE_DIR)/Pods-blockchainappUITests-checkManifestLockResult.txt",
			);
			runOnlyForDeploymentPostprocessing = 0;
			shellPath = /bin/sh;
			shellScript = "diff \"${PODS_PODFILE_DIR_PATH}/Podfile.lock\" \"${PODS_ROOT}/Manifest.lock\" > /dev/null\nif [ $? != 0 ] ; then\n    # print error to STDERR\n    echo \"error: The sandbox is not in sync with the Podfile.lock. Run 'pod install' or update your CocoaPods installation.\" >&2\n    exit 1\nfi\n# This output is used by Xcode 'outputs' to avoid re-running this script phase.\necho \"SUCCESS\" > \"${SCRIPT_OUTPUT_FILE_0}\"\n";
			showEnvVarsInLog = 0;
		};
		69FD1FFD8E350820AE7043D5 /* [CP] Check Pods Manifest.lock */ = {
			isa = PBXShellScriptBuildPhase;
			buildActionMask = 2147483647;
			files = (
			);
			inputPaths = (
				"${PODS_PODFILE_DIR_PATH}/Podfile.lock",
				"${PODS_ROOT}/Manifest.lock",
			);
			name = "[CP] Check Pods Manifest.lock";
			outputPaths = (
				"$(DERIVED_FILE_DIR)/Pods-blockchainapp-checkManifestLockResult.txt",
			);
			runOnlyForDeploymentPostprocessing = 0;
			shellPath = /bin/sh;
			shellScript = "diff \"${PODS_PODFILE_DIR_PATH}/Podfile.lock\" \"${PODS_ROOT}/Manifest.lock\" > /dev/null\nif [ $? != 0 ] ; then\n    # print error to STDERR\n    echo \"error: The sandbox is not in sync with the Podfile.lock. Run 'pod install' or update your CocoaPods installation.\" >&2\n    exit 1\nfi\n# This output is used by Xcode 'outputs' to avoid re-running this script phase.\necho \"SUCCESS\" > \"${SCRIPT_OUTPUT_FILE_0}\"\n";
			showEnvVarsInLog = 0;
		};
		85CB1106F2638EFC2373BB7A /* [CP] Embed Pods Frameworks */ = {
			isa = PBXShellScriptBuildPhase;
			buildActionMask = 2147483647;
			files = (
			);
			inputPaths = (
				"${SRCROOT}/Pods/Target Support Files/Pods-blockchainapp/Pods-blockchainapp-frameworks.sh",
				"${BUILT_PRODUCTS_DIR}/Action/Action.framework",
				"${BUILT_PRODUCTS_DIR}/Alamofire/Alamofire.framework",
				"${BUILT_PRODUCTS_DIR}/AssistantKit/AssistantKit.framework",
				"${BUILT_PRODUCTS_DIR}/AutoInsetter/AutoInsetter.framework",
				"${BUILT_PRODUCTS_DIR}/DeepLinkKit/DeepLinkKit.framework",
				"${BUILT_PRODUCTS_DIR}/DynamicBlurView/DynamicBlurView.framework",
				"${BUILT_PRODUCTS_DIR}/MarqueeLabel/MarqueeLabel.framework",
				"${BUILT_PRODUCTS_DIR}/Pageboy/Pageboy.framework",
				"${BUILT_PRODUCTS_DIR}/ReachabilitySwift/Reachability.framework",
				"${BUILT_PRODUCTS_DIR}/Realm/Realm.framework",
				"${BUILT_PRODUCTS_DIR}/RealmSwift/RealmSwift.framework",
				"${BUILT_PRODUCTS_DIR}/RxCocoa/RxCocoa.framework",
				"${BUILT_PRODUCTS_DIR}/RxSwift/RxSwift.framework",
				"${BUILT_PRODUCTS_DIR}/SDWebImage/SDWebImage.framework",
				"${BUILT_PRODUCTS_DIR}/ShadowView/ShadowView.framework",
				"${BUILT_PRODUCTS_DIR}/SnapKit/SnapKit.framework",
				"${BUILT_PRODUCTS_DIR}/SwiftyJSON/SwiftyJSON.framework",
				"${BUILT_PRODUCTS_DIR}/SwipeCellKit/SwipeCellKit.framework",
				"${BUILT_PRODUCTS_DIR}/Tabman/Tabman.framework",
				"${BUILT_PRODUCTS_DIR}/TagListView/TagListView.framework",
			);
			name = "[CP] Embed Pods Frameworks";
			outputPaths = (
				"${TARGET_BUILD_DIR}/${FRAMEWORKS_FOLDER_PATH}/Action.framework",
				"${TARGET_BUILD_DIR}/${FRAMEWORKS_FOLDER_PATH}/Alamofire.framework",
				"${TARGET_BUILD_DIR}/${FRAMEWORKS_FOLDER_PATH}/AssistantKit.framework",
				"${TARGET_BUILD_DIR}/${FRAMEWORKS_FOLDER_PATH}/AutoInsetter.framework",
				"${TARGET_BUILD_DIR}/${FRAMEWORKS_FOLDER_PATH}/DeepLinkKit.framework",
				"${TARGET_BUILD_DIR}/${FRAMEWORKS_FOLDER_PATH}/DynamicBlurView.framework",
				"${TARGET_BUILD_DIR}/${FRAMEWORKS_FOLDER_PATH}/MarqueeLabel.framework",
				"${TARGET_BUILD_DIR}/${FRAMEWORKS_FOLDER_PATH}/Pageboy.framework",
				"${TARGET_BUILD_DIR}/${FRAMEWORKS_FOLDER_PATH}/Reachability.framework",
				"${TARGET_BUILD_DIR}/${FRAMEWORKS_FOLDER_PATH}/Realm.framework",
				"${TARGET_BUILD_DIR}/${FRAMEWORKS_FOLDER_PATH}/RealmSwift.framework",
				"${TARGET_BUILD_DIR}/${FRAMEWORKS_FOLDER_PATH}/RxCocoa.framework",
				"${TARGET_BUILD_DIR}/${FRAMEWORKS_FOLDER_PATH}/RxSwift.framework",
				"${TARGET_BUILD_DIR}/${FRAMEWORKS_FOLDER_PATH}/SDWebImage.framework",
				"${TARGET_BUILD_DIR}/${FRAMEWORKS_FOLDER_PATH}/ShadowView.framework",
				"${TARGET_BUILD_DIR}/${FRAMEWORKS_FOLDER_PATH}/SnapKit.framework",
				"${TARGET_BUILD_DIR}/${FRAMEWORKS_FOLDER_PATH}/SwiftyJSON.framework",
				"${TARGET_BUILD_DIR}/${FRAMEWORKS_FOLDER_PATH}/SwipeCellKit.framework",
				"${TARGET_BUILD_DIR}/${FRAMEWORKS_FOLDER_PATH}/Tabman.framework",
				"${TARGET_BUILD_DIR}/${FRAMEWORKS_FOLDER_PATH}/TagListView.framework",
			);
			runOnlyForDeploymentPostprocessing = 0;
			shellPath = /bin/sh;
			shellScript = "\"${SRCROOT}/Pods/Target Support Files/Pods-blockchainapp/Pods-blockchainapp-frameworks.sh\"\n";
			showEnvVarsInLog = 0;
		};
/* End PBXShellScriptBuildPhase section */

/* Begin PBXSourcesBuildPhase section */
		CF4453221F54139900660474 /* Sources */ = {
			isa = PBXSourcesBuildPhase;
			buildActionMask = 2147483647;
			files = (
				36DF1BFE201A00570017BDE7 /* ChannelsCollectionView.swift in Sources */,
				014761142010620F006E3373 /* PlayerTableViewCell.swift in Sources */,
				9DA077BF20343650002BF631 /* FullChannelViewModel.swift in Sources */,
				3626C8D02036A6790016772B /* SearchModel.swift in Sources */,
				9DA077CD2034505F002BF631 /* ChannelModel.swift in Sources */,
				9D62CFCE20611642005A504A /* TrackInfoBuilder.swift in Sources */,
				36F613CA202D67C000661E48 /* ProfileEmitter.swift in Sources */,
				365B0A1E20319844006458F9 /* LikesModel.swift in Sources */,
				9D889864208482F7004A7575 /* MainPlayerBottomIconsEmitter.swift in Sources */,
				9DFAE70220610A4B00EF7C4D /* TrackInfoModel.swift in Sources */,
				019FB2551FE27DEE0007FDEE /* FollowButton.swift in Sources */,
				019B3DC81FCC45C8008C3B76 /* ChannelHeaderView.swift in Sources */,
				9DA077CF20345071002BF631 /* ChannelEmitter.swift in Sources */,
				015812A21FD80AF1002828F5 /* AudioController.swift in Sources */,
				CF4453591F55400F00660474 /* MainModels.swift in Sources */,
				CF44535E1F569D4E00660474 /* StyleExtension.swift in Sources */,
				CF4453691F57F4D200660474 /* ChannelsViewController.swift in Sources */,
				365B0A2020319851006458F9 /* LikesViewModel.swift in Sources */,
				01FF31691FD1840600FB2B9E /* TimedSlider.swift in Sources */,
				36FB2F4A2033E33200ECA30D /* SmallChannelViewModel.swift in Sources */,
				01AA89231FC5989E00D50C13 /* SmallTrackTableViewCell.swift in Sources */,
				36E155A5204D7C0E00C65DBE /* UserPlaylistManager.swift in Sources */,
				015088842006472200E42F7D /* AudioPlayer.swift in Sources */,
				361CD016204814A60097F8E9 /* ProfileHeaderView.swift in Sources */,
				01AA89211FC5612500D50C13 /* ProfileViewController.swift in Sources */,
				01BF29F720749F6600CF877A /* LIPRouter.swift in Sources */,
				01D2F4A22029E15E00E43B67 /* TrackViewModel.swift in Sources */,
				369301B42088A50A003D11BC /* FeedModel.swift in Sources */,
				01510EAD1FDED922003AC116 /* RealmExtension.swift in Sources */,
				0158129C1FD70561002828F5 /* ChannelsBuilder.swift in Sources */,
				9DFAE70320610A4B00EF7C4D /* TrackInfoViewModel.swift in Sources */,
				01E1991C1FE8DBB00016060E /* UserSettings.swift in Sources */,
				01EFC877201A2421005321B9 /* PlaylistViewController.swift in Sources */,
				0158129E1FD70793002828F5 /* FeedBuilders.swift in Sources */,
				36045FAE204D8A87003C7406 /* UserPlaylistBuilder.swift in Sources */,
				3659B22B203EE351009580E9 /* ChannelBuilder.swift in Sources */,
				36706D512031A7F3002097E7 /* ChannelsModel.swift in Sources */,
				CF4453731F5D8EBE00660474 /* MainTabViewController.swift in Sources */,
				369301B32088A50A003D11BC /* FeedViewModel.swift in Sources */,
				CF4453751F666BB800660474 /* DBModels.swift in Sources */,
				0184A02D1FC1AD0B009FF5CB /* FeedTableViewCell.swift in Sources */,
				36706D552031A809002097E7 /* ChannelsEmitter.swift in Sources */,
				36813A6E203D671E00EAE49A /* MediumChannelViewModel.swift in Sources */,
				36952672202C610100F97E1E /* ProfileModel.swift in Sources */,
				01AA891D1FC45D0500D50C13 /* UndBlurLabel.swift in Sources */,
				36F613CC202D6E3200661E48 /* ProfileBuilder.swift in Sources */,
				CF4453621F56CA2E00660474 /* FeedViewController.swift in Sources */,
				014913852036ECBF004058CB /* InAppUpdateManager.swift in Sources */,
				01FF376F201224CB007F57E0 /* Models.swift in Sources */,
				01E1991F1FE8FC0D0016060E /* SettingsViewController.swift in Sources */,
				01EFC875201A240B005321B9 /* MainPlayerViewController.swift in Sources */,
				9DA077CB20345055002BF631 /* ChannelViewModel.swift in Sources */,
				36952670202C5EBF00F97E1E /* ProfileViewModel.swift in Sources */,
				01E52E3C1FC7E34C00CCFCC2 /* IconedLabel.swift in Sources */,
				019FB2531FE279BF0007FDEE /* SmallChannelTableViewCell.swift in Sources */,
				9DFAE70120610A4B00EF7C4D /* TrackInfoEmitter.swift in Sources */,
				CF44532A1F54139900660474 /* AppDelegate.swift in Sources */,
				365B0A1C2031983A006458F9 /* LikesEmitter.swift in Sources */,
				9D88986120848065004A7575 /* MainPlayerBottomIconsView.swift in Sources */,
				36F7C39B201AF73200F99A9A /* ChannelsCollectionViewCell.swift in Sources */,
				01418562203C41EA004C69F0 /* ServerUpdateManager.swift in Sources */,
				9D0B18FD207F775800CBE87B /* ShareInfo.swift in Sources */,
				9DC7E98C206B43EC001986D3 /* PlaylistsViewController.swift in Sources */,
				9D54AA1B206B4AB400F693C0 /* PlaylistsTab.swift in Sources */,
				365653F920358F980072087F /* PlaylistsModel.swift in Sources */,
				9D0B18F5207F66A200CBE87B /* OthersEmitter.swift in Sources */,
				36706D532031A801002097E7 /* ChannelsViewModel.swift in Sources */,
				3604E81C20330E4100623C55 /* SmallTrackViewModel.swift in Sources */,
				36045FAA204D8340003C7406 /* UserPlaylistModel.swift in Sources */,
				01FF376D2010B9E7007F57E0 /* Extensions.swift in Sources */,
				9DC7E98E206B4504001986D3 /* PlaylistsBuilder.swift in Sources */,
				CF44535B1F55406B00660474 /* Managers.swift in Sources */,
				9DDB0D0B207B8BF100581613 /* OthersAlertController.swift in Sources */,
				01A68D691FC2E1290074F1D5 /* NewFeedLabel.swift in Sources */,
				9D0B18FB207F6AF100CBE87B /* OthersBuilder.swift in Sources */,
				36045FAC204D8347003C7406 /* UserPlaylistEmitter.swift in Sources */,
				3626C8D22036A6800016772B /* SearchEmitter.swift in Sources */,
				3626C8CB2036A6200016772B /* SearchResultsController.swift in Sources */,
				36E155A3204D6F1800C65DBE /* UserPlaylistViewController.swift in Sources */,
				0195E8FD203EE0ED005AC202 /* MainRouter.swift in Sources */,
				CF1E04831F82273D00D8812F /* DBHelpers.swift in Sources */,
				365654022035A4550072087F /* PlaylistViewModel.swift in Sources */,
				0160BB2520315AA400D7C3CB /* Channel.swift in Sources */,
				0160BB232031596600D7C3CB /* Track.swift in Sources */,
				2CE07EF72028883C00B3D939 /* Analytics.swift in Sources */,
				9DFAE6F72060FB1500EF7C4D /* TrackInfoHeaderView.swift in Sources */,
				365653FD20358FA90072087F /* PlaylistsEmitter.swift in Sources */,
				361CD01A20482A410097F8E9 /* Common.swift in Sources */,
				01EFC8712019AEA9005321B9 /* MiniPlayerView.swift in Sources */,
				9D0B18F7207F67D900CBE87B /* OthersModel.swift in Sources */,
				365653FB20358FA10072087F /* PlaylistsViewModel.swift in Sources */,
				01510EAF1FDFFD4C003AC116 /* ChannelTrackCell.swift in Sources */,
				019FB2571FE297F20007FDEE /* PlaylistTableViewCell.swift in Sources */,
				2CEBFBCA202827C700523FDE /* ArrowView.swift in Sources */,
				3626C8CE2036A6730016772B /* SearchViewModel.swift in Sources */,
				365653FF203592DD0072087F /* SearchBuilder.swift in Sources */,
				01EFC873201A21D6005321B9 /* PlayerViewController.swift in Sources */,
				01510EB41FE0F421003AC116 /* SearchViewController.swift in Sources */,
				9D0B18F9207F68E700CBE87B /* OthersViewModel.swift in Sources */,
				9DFAE6F42060F5EC00EF7C4D /* TrackInfoBlurView.swift in Sources */,
				9DFAE6F52060F5EC00EF7C4D /* TrackInfoViewController.swift in Sources */,
				361CD018204815140097F8E9 /* LikeHeader.swift in Sources */,
				3626C8D42036A81E0016772B /* SearchChannelViewModel.swift in Sources */,
				369301B52088A50A003D11BC /* FeedEmitter.swift in Sources */,
				019B3DC61FCC45B5008C3B76 /* ChannelViewController.swift in Sources */,
				36045FA8204D8338003C7406 /* UserPlaylistViewModel.swift in Sources */,
				FD10B3302E585598EF8B5CCB /* AppUI.swift in Sources */,
				0158129A1FD6ACC9002828F5 /* ChannelTableViewCell.swift in Sources */,
				FD10BBFE6256980A17C0B057 /* RequestManager.swift in Sources */,
				FD10B7D58B227D2A158848C0 /* PlayerViewModel.swift in Sources */,
				FD10BEADF5B23D62CC2E1FAF /* PlayerModel.swift in Sources */,
				FD10B2EE2F2654061F2BDF07 /* PlayerEmitter.swift in Sources */,
				FD10B63115DA7C32A372FAD9 /* PlayerBuilder.swift in Sources */,
			);
			runOnlyForDeploymentPostprocessing = 0;
		};
		CF4453361F54139900660474 /* Sources */ = {
			isa = PBXSourcesBuildPhase;
			buildActionMask = 2147483647;
			files = (
				01DBC535205AB40100EF832D /* RequestManager.swift in Sources */,
				CF44533F1F54139900660474 /* blockchainappTests.swift in Sources */,
				010EBAF1205A3C3700FDE34A /* ModelsTests.swift in Sources */,
			);
			runOnlyForDeploymentPostprocessing = 0;
		};
		CF4453411F54139900660474 /* Sources */ = {
			isa = PBXSourcesBuildPhase;
			buildActionMask = 2147483647;
			files = (
				CF44534A1F54139900660474 /* blockchainappUITests.swift in Sources */,
			);
			runOnlyForDeploymentPostprocessing = 0;
		};
/* End PBXSourcesBuildPhase section */

/* Begin PBXTargetDependency section */
		CF44533C1F54139900660474 /* PBXTargetDependency */ = {
			isa = PBXTargetDependency;
			target = CF4453251F54139900660474 /* blockchainapp */;
			targetProxy = CF44533B1F54139900660474 /* PBXContainerItemProxy */;
		};
		CF4453471F54139900660474 /* PBXTargetDependency */ = {
			isa = PBXTargetDependency;
			target = CF4453251F54139900660474 /* blockchainapp */;
			targetProxy = CF4453461F54139900660474 /* PBXContainerItemProxy */;
		};
/* End PBXTargetDependency section */

/* Begin PBXVariantGroup section */
		CF27152F1F97C79A0038C81C /* Localizable.strings */ = {
			isa = PBXVariantGroup;
			children = (
				CF2715301F97C79F0038C81C /* en */,
				CF27152E1F97C79A0038C81C /* ru */,
				36F32E86206257E400F67A76 /* fr */,
			);
			name = Localizable.strings;
			path = .;
			sourceTree = "<group>";
		};
		CF44532D1F54139900660474 /* Main.storyboard */ = {
			isa = PBXVariantGroup;
			children = (
				CF44532E1F54139900660474 /* Base */,
				CF2715291F97BA370038C81C /* ru */,
				36F32E85206257E400F67A76 /* fr */,
			);
			name = Main.storyboard;
			path = .;
			sourceTree = "<group>";
		};
		CF4453321F54139900660474 /* LaunchScreen.storyboard */ = {
			isa = PBXVariantGroup;
			children = (
				CF4453331F54139900660474 /* Base */,
				CF27152A1F97BA370038C81C /* ru */,
				36F32E84206257E400F67A76 /* fr */,
			);
			name = LaunchScreen.storyboard;
			path = .;
			sourceTree = "<group>";
		};
/* End PBXVariantGroup section */

/* Begin XCBuildConfiguration section */
		CF44534C1F54139900660474 /* Debug */ = {
			isa = XCBuildConfiguration;
			buildSettings = {
				ALWAYS_SEARCH_USER_PATHS = NO;
				CLANG_ANALYZER_LOCALIZABILITY_NONLOCALIZED = YES;
				CLANG_ANALYZER_NONNULL = YES;
				CLANG_ANALYZER_NUMBER_OBJECT_CONVERSION = YES_AGGRESSIVE;
				CLANG_CXX_LANGUAGE_STANDARD = "gnu++0x";
				CLANG_CXX_LIBRARY = "libc++";
				CLANG_ENABLE_MODULES = YES;
				CLANG_ENABLE_OBJC_ARC = YES;
				CLANG_WARN_BLOCK_CAPTURE_AUTORELEASING = YES;
				CLANG_WARN_BOOL_CONVERSION = YES;
				CLANG_WARN_COMMA = YES;
				CLANG_WARN_CONSTANT_CONVERSION = YES;
				CLANG_WARN_DEPRECATED_OBJC_IMPLEMENTATIONS = YES;
				CLANG_WARN_DIRECT_OBJC_ISA_USAGE = YES_ERROR;
				CLANG_WARN_DOCUMENTATION_COMMENTS = YES;
				CLANG_WARN_EMPTY_BODY = YES;
				CLANG_WARN_ENUM_CONVERSION = YES;
				CLANG_WARN_INFINITE_RECURSION = YES;
				CLANG_WARN_INT_CONVERSION = YES;
				CLANG_WARN_NON_LITERAL_NULL_CONVERSION = YES;
				CLANG_WARN_OBJC_IMPLICIT_RETAIN_SELF = YES;
				CLANG_WARN_OBJC_LITERAL_CONVERSION = YES;
				CLANG_WARN_OBJC_ROOT_CLASS = YES_ERROR;
				CLANG_WARN_RANGE_LOOP_ANALYSIS = YES;
				CLANG_WARN_STRICT_PROTOTYPES = YES;
				CLANG_WARN_SUSPICIOUS_MOVE = YES;
				CLANG_WARN_UNREACHABLE_CODE = YES;
				CLANG_WARN__DUPLICATE_METHOD_MATCH = YES;
				"CODE_SIGN_IDENTITY[sdk=iphoneos*]" = "iPhone Developer";
				COPY_PHASE_STRIP = NO;
				DEBUG_INFORMATION_FORMAT = dwarf;
				ENABLE_STRICT_OBJC_MSGSEND = YES;
				ENABLE_TESTABILITY = YES;
				GCC_C_LANGUAGE_STANDARD = gnu99;
				GCC_DYNAMIC_NO_PIC = NO;
				GCC_NO_COMMON_BLOCKS = YES;
				GCC_OPTIMIZATION_LEVEL = 0;
				GCC_PREPROCESSOR_DEFINITIONS = (
					"DEBUG=1",
					"$(inherited)",
				);
				GCC_WARN_64_TO_32_BIT_CONVERSION = YES;
				GCC_WARN_ABOUT_RETURN_TYPE = YES_ERROR;
				GCC_WARN_UNDECLARED_SELECTOR = YES;
				GCC_WARN_UNINITIALIZED_AUTOS = YES_AGGRESSIVE;
				GCC_WARN_UNUSED_FUNCTION = YES;
				GCC_WARN_UNUSED_VARIABLE = YES;
				IPHONEOS_DEPLOYMENT_TARGET = 10.3;
				MTL_ENABLE_DEBUG_INFO = YES;
				ONLY_ACTIVE_ARCH = YES;
				SDKROOT = iphoneos;
				SWIFT_ACTIVE_COMPILATION_CONDITIONS = DEBUG;
				SWIFT_OPTIMIZATION_LEVEL = "-Onone";
				SWIFT_VERSION = 4.0;
				VERSIONING_SYSTEM = "apple-generic";
			};
			name = Debug;
		};
		CF44534D1F54139900660474 /* Release */ = {
			isa = XCBuildConfiguration;
			buildSettings = {
				ALWAYS_SEARCH_USER_PATHS = NO;
				CLANG_ANALYZER_LOCALIZABILITY_NONLOCALIZED = YES;
				CLANG_ANALYZER_NONNULL = YES;
				CLANG_ANALYZER_NUMBER_OBJECT_CONVERSION = YES_AGGRESSIVE;
				CLANG_CXX_LANGUAGE_STANDARD = "gnu++0x";
				CLANG_CXX_LIBRARY = "libc++";
				CLANG_ENABLE_MODULES = YES;
				CLANG_ENABLE_OBJC_ARC = YES;
				CLANG_WARN_BLOCK_CAPTURE_AUTORELEASING = YES;
				CLANG_WARN_BOOL_CONVERSION = YES;
				CLANG_WARN_COMMA = YES;
				CLANG_WARN_CONSTANT_CONVERSION = YES;
				CLANG_WARN_DEPRECATED_OBJC_IMPLEMENTATIONS = YES;
				CLANG_WARN_DIRECT_OBJC_ISA_USAGE = YES_ERROR;
				CLANG_WARN_DOCUMENTATION_COMMENTS = YES;
				CLANG_WARN_EMPTY_BODY = YES;
				CLANG_WARN_ENUM_CONVERSION = YES;
				CLANG_WARN_INFINITE_RECURSION = YES;
				CLANG_WARN_INT_CONVERSION = YES;
				CLANG_WARN_NON_LITERAL_NULL_CONVERSION = YES;
				CLANG_WARN_OBJC_IMPLICIT_RETAIN_SELF = YES;
				CLANG_WARN_OBJC_LITERAL_CONVERSION = YES;
				CLANG_WARN_OBJC_ROOT_CLASS = YES_ERROR;
				CLANG_WARN_RANGE_LOOP_ANALYSIS = YES;
				CLANG_WARN_STRICT_PROTOTYPES = YES;
				CLANG_WARN_SUSPICIOUS_MOVE = YES;
				CLANG_WARN_UNREACHABLE_CODE = YES;
				CLANG_WARN__DUPLICATE_METHOD_MATCH = YES;
				"CODE_SIGN_IDENTITY[sdk=iphoneos*]" = "iPhone Developer";
				COPY_PHASE_STRIP = NO;
				DEBUG_INFORMATION_FORMAT = "dwarf-with-dsym";
				ENABLE_NS_ASSERTIONS = NO;
				ENABLE_STRICT_OBJC_MSGSEND = YES;
				GCC_C_LANGUAGE_STANDARD = gnu99;
				GCC_NO_COMMON_BLOCKS = YES;
				GCC_WARN_64_TO_32_BIT_CONVERSION = YES;
				GCC_WARN_ABOUT_RETURN_TYPE = YES_ERROR;
				GCC_WARN_UNDECLARED_SELECTOR = YES;
				GCC_WARN_UNINITIALIZED_AUTOS = YES_AGGRESSIVE;
				GCC_WARN_UNUSED_FUNCTION = YES;
				GCC_WARN_UNUSED_VARIABLE = YES;
				IPHONEOS_DEPLOYMENT_TARGET = 10.3;
				MTL_ENABLE_DEBUG_INFO = NO;
				SDKROOT = iphoneos;
				SWIFT_OPTIMIZATION_LEVEL = "-Owholemodule";
				SWIFT_VERSION = 4.0;
				VALIDATE_PRODUCT = YES;
				VERSIONING_SYSTEM = "apple-generic";
			};
			name = Release;
		};
		CF44534F1F54139900660474 /* Debug */ = {
			isa = XCBuildConfiguration;
			baseConfigurationReference = C3013B1D55E47F2964830408 /* Pods-blockchainapp.debug.xcconfig */;
			buildSettings = {
				ASSETCATALOG_COMPILER_APPICON_NAME = AppIcon;
				"CODE_SIGN_IDENTITY[sdk=iphoneos*]" = "iPhone Developer";
				CURRENT_PROJECT_VERSION = 96;
				DEBUG_INFORMATION_FORMAT = "dwarf-with-dsym";
				DEVELOPMENT_TEAM = UW85D37HPT;
				FRAMEWORK_SEARCH_PATHS = "$(inherited)";
				INFOPLIST_FILE = blockchainapp/Info.plist;
				IPHONEOS_DEPLOYMENT_TARGET = 11.0;
				LD_RUNPATH_SEARCH_PATHS = "$(inherited) @executable_path/Frameworks";
				PRODUCT_BUNDLE_IDENTIFIER = com.msl.blockchainapp;
				PRODUCT_NAME = "$(TARGET_NAME)";
				PROVISIONING_PROFILE = "";
				PROVISIONING_PROFILE_SPECIFIER = "";
				SWIFT_SWIFT3_OBJC_INFERENCE = Off;
				SWIFT_VERSION = 4.0;
				VERSIONING_SYSTEM = "apple-generic";
			};
			name = Debug;
		};
		CF4453501F54139900660474 /* Release */ = {
			isa = XCBuildConfiguration;
			baseConfigurationReference = D0F0C982204F108F173327BA /* Pods-blockchainapp.release.xcconfig */;
			buildSettings = {
				ASSETCATALOG_COMPILER_APPICON_NAME = AppIcon;
				"CODE_SIGN_IDENTITY[sdk=iphoneos*]" = "iPhone Developer";
				CURRENT_PROJECT_VERSION = 96;
				DEBUG_INFORMATION_FORMAT = "dwarf-with-dsym";
				DEVELOPMENT_TEAM = UW85D37HPT;
				FRAMEWORK_SEARCH_PATHS = "$(inherited)";
				INFOPLIST_FILE = blockchainapp/Info.plist;
				IPHONEOS_DEPLOYMENT_TARGET = 11.0;
				LD_RUNPATH_SEARCH_PATHS = "$(inherited) @executable_path/Frameworks";
				PRODUCT_BUNDLE_IDENTIFIER = com.msl.blockchainapp;
				PRODUCT_NAME = "$(TARGET_NAME)";
				PROVISIONING_PROFILE = "";
				PROVISIONING_PROFILE_SPECIFIER = "";
				SWIFT_SWIFT3_OBJC_INFERENCE = Off;
				SWIFT_VERSION = 4.0;
				VERSIONING_SYSTEM = "apple-generic";
			};
			name = Release;
		};
		CF4453521F54139900660474 /* Debug */ = {
			isa = XCBuildConfiguration;
			baseConfigurationReference = A731DB6864B0878E37656300 /* Pods-blockchainappTests.debug.xcconfig */;
			buildSettings = {
				ALWAYS_EMBED_SWIFT_STANDARD_LIBRARIES = YES;
				BUNDLE_LOADER = "$(TEST_HOST)";
				DEBUG_INFORMATION_FORMAT = "dwarf-with-dsym";
				DEVELOPMENT_TEAM = UW85D37HPT;
				INFOPLIST_FILE = blockchainappTests/Info.plist;
				IPHONEOS_DEPLOYMENT_TARGET = 11.0;
				LD_RUNPATH_SEARCH_PATHS = "$(inherited) @executable_path/Frameworks @loader_path/Frameworks";
				PRODUCT_BUNDLE_IDENTIFIER = MSL.blockchainappTests;
				PRODUCT_NAME = "$(TARGET_NAME)";
				SWIFT_SWIFT3_OBJC_INFERENCE = Off;
				SWIFT_VERSION = 4.0;
				TEST_HOST = "$(BUILT_PRODUCTS_DIR)/blockchainapp.app/blockchainapp";
			};
			name = Debug;
		};
		CF4453531F54139900660474 /* Release */ = {
			isa = XCBuildConfiguration;
			baseConfigurationReference = 678F07997865B266B43CA145 /* Pods-blockchainappTests.release.xcconfig */;
			buildSettings = {
				ALWAYS_EMBED_SWIFT_STANDARD_LIBRARIES = YES;
				BUNDLE_LOADER = "$(TEST_HOST)";
				DEBUG_INFORMATION_FORMAT = "dwarf-with-dsym";
				DEVELOPMENT_TEAM = UW85D37HPT;
				INFOPLIST_FILE = blockchainappTests/Info.plist;
				IPHONEOS_DEPLOYMENT_TARGET = 11.0;
				LD_RUNPATH_SEARCH_PATHS = "$(inherited) @executable_path/Frameworks @loader_path/Frameworks";
				PRODUCT_BUNDLE_IDENTIFIER = MSL.blockchainappTests;
				PRODUCT_NAME = "$(TARGET_NAME)";
				SWIFT_SWIFT3_OBJC_INFERENCE = Off;
				SWIFT_VERSION = 4.0;
				TEST_HOST = "$(BUILT_PRODUCTS_DIR)/blockchainapp.app/blockchainapp";
			};
			name = Release;
		};
		CF4453551F54139900660474 /* Debug */ = {
			isa = XCBuildConfiguration;
			baseConfigurationReference = DEFD7991728A8F7D902C8F79 /* Pods-blockchainappUITests.debug.xcconfig */;
			buildSettings = {
				ALWAYS_EMBED_SWIFT_STANDARD_LIBRARIES = YES;
				DEBUG_INFORMATION_FORMAT = "dwarf-with-dsym";
				DEVELOPMENT_TEAM = UW85D37HPT;
				INFOPLIST_FILE = blockchainappUITests/Info.plist;
				IPHONEOS_DEPLOYMENT_TARGET = 11.0;
				LD_RUNPATH_SEARCH_PATHS = "$(inherited) @executable_path/Frameworks @loader_path/Frameworks";
				PRODUCT_BUNDLE_IDENTIFIER = MSL.blockchainappUITests;
				PRODUCT_NAME = "$(TARGET_NAME)";
				SWIFT_SWIFT3_OBJC_INFERENCE = Off;
				SWIFT_VERSION = 4.0;
				TEST_TARGET_NAME = blockchainapp;
			};
			name = Debug;
		};
		CF4453561F54139900660474 /* Release */ = {
			isa = XCBuildConfiguration;
			baseConfigurationReference = E5E40995E32B295D839BCEE7 /* Pods-blockchainappUITests.release.xcconfig */;
			buildSettings = {
				ALWAYS_EMBED_SWIFT_STANDARD_LIBRARIES = YES;
				DEBUG_INFORMATION_FORMAT = "dwarf-with-dsym";
				DEVELOPMENT_TEAM = UW85D37HPT;
				INFOPLIST_FILE = blockchainappUITests/Info.plist;
				IPHONEOS_DEPLOYMENT_TARGET = 11.0;
				LD_RUNPATH_SEARCH_PATHS = "$(inherited) @executable_path/Frameworks @loader_path/Frameworks";
				PRODUCT_BUNDLE_IDENTIFIER = MSL.blockchainappUITests;
				PRODUCT_NAME = "$(TARGET_NAME)";
				SWIFT_SWIFT3_OBJC_INFERENCE = Off;
				SWIFT_VERSION = 4.0;
				TEST_TARGET_NAME = blockchainapp;
			};
			name = Release;
		};
/* End XCBuildConfiguration section */

/* Begin XCConfigurationList section */
		CF4453211F54139900660474 /* Build configuration list for PBXProject "blockchainapp" */ = {
			isa = XCConfigurationList;
			buildConfigurations = (
				CF44534C1F54139900660474 /* Debug */,
				CF44534D1F54139900660474 /* Release */,
			);
			defaultConfigurationIsVisible = 0;
			defaultConfigurationName = Release;
		};
		CF44534E1F54139900660474 /* Build configuration list for PBXNativeTarget "blockchainapp" */ = {
			isa = XCConfigurationList;
			buildConfigurations = (
				CF44534F1F54139900660474 /* Debug */,
				CF4453501F54139900660474 /* Release */,
			);
			defaultConfigurationIsVisible = 0;
			defaultConfigurationName = Release;
		};
		CF4453511F54139900660474 /* Build configuration list for PBXNativeTarget "blockchainappTests" */ = {
			isa = XCConfigurationList;
			buildConfigurations = (
				CF4453521F54139900660474 /* Debug */,
				CF4453531F54139900660474 /* Release */,
			);
			defaultConfigurationIsVisible = 0;
			defaultConfigurationName = Release;
		};
		CF4453541F54139900660474 /* Build configuration list for PBXNativeTarget "blockchainappUITests" */ = {
			isa = XCConfigurationList;
			buildConfigurations = (
				CF4453551F54139900660474 /* Debug */,
				CF4453561F54139900660474 /* Release */,
			);
			defaultConfigurationIsVisible = 0;
			defaultConfigurationName = Release;
		};
/* End XCConfigurationList section */
	};
	rootObject = CF44531E1F54139900660474 /* Project object */;
}
