// !$*UTF8*$!
{
	archiveVersion = 1;
	classes = {
	};
	objectVersion = 46;
	objects = {

/* Begin PBXBuildFile section */
		01321B641FCDADF7009BFE62 /* Pods_blockchainapp.framework in Frameworks */ = {isa = PBXBuildFile; fileRef = 01321B651FCDADF7009BFE62 /* Pods_blockchainapp.framework */; };
		013D2EC91FDDC2A3006F095B /* ChannelPresenter.swift in Sources */ = {isa = PBXBuildFile; fileRef = 013D2EC81FDDC2A3006F095B /* ChannelPresenter.swift */; };
		014761142010620F006E3373 /* PlayerTableViewCell.swift in Sources */ = {isa = PBXBuildFile; fileRef = 014761132010620F006E3373 /* PlayerTableViewCell.swift */; };
		015088842006472200E42F7D /* AudioPlayer.swift in Sources */ = {isa = PBXBuildFile; fileRef = 015088832006472200E42F7D /* AudioPlayer.swift */; };
		01510EAD1FDED922003AC116 /* RealmExtension.swift in Sources */ = {isa = PBXBuildFile; fileRef = 01510EAC1FDED922003AC116 /* RealmExtension.swift */; };
		01510EAF1FDFFD4C003AC116 /* ChannelTrackCell.swift in Sources */ = {isa = PBXBuildFile; fileRef = 01510EAE1FDFFD4C003AC116 /* ChannelTrackCell.swift */; };
		01510EB21FE0E907003AC116 /* SearchPresenter.swift in Sources */ = {isa = PBXBuildFile; fileRef = 01510EB11FE0E907003AC116 /* SearchPresenter.swift */; };
		01510EB41FE0F421003AC116 /* SearchViewController.swift in Sources */ = {isa = PBXBuildFile; fileRef = 01510EB31FE0F421003AC116 /* SearchViewController.swift */; };
		0158129A1FD6ACC9002828F5 /* ChannelTableViewCell.swift in Sources */ = {isa = PBXBuildFile; fileRef = 015812991FD6ACC9002828F5 /* ChannelTableViewCell.swift */; };
		0158129C1FD70561002828F5 /* ChannelsBuilder.swift in Sources */ = {isa = PBXBuildFile; fileRef = 0158129B1FD70561002828F5 /* ChannelsBuilder.swift */; };
		0158129E1FD70793002828F5 /* FeedBuilders.swift in Sources */ = {isa = PBXBuildFile; fileRef = 0158129D1FD70793002828F5 /* FeedBuilders.swift */; };
		015812A21FD80AF1002828F5 /* AudioController.swift in Sources */ = {isa = PBXBuildFile; fileRef = 015812A11FD80AF1002828F5 /* AudioController.swift */; };
		0184A02D1FC1AD0B009FF5CB /* NewFeedTableViewCell.swift in Sources */ = {isa = PBXBuildFile; fileRef = 0184A02C1FC1AD0B009FF5CB /* NewFeedTableViewCell.swift */; };
		019B3DC61FCC45B5008C3B76 /* ChannelViewController.swift in Sources */ = {isa = PBXBuildFile; fileRef = 019B3DC51FCC45B5008C3B76 /* ChannelViewController.swift */; };
		019B3DC81FCC45C8008C3B76 /* ChannelHeaderView.swift in Sources */ = {isa = PBXBuildFile; fileRef = 019B3DC71FCC45C8008C3B76 /* ChannelHeaderView.swift */; };
		019FB2531FE279BF0007FDEE /* SmallChannelTableViewCell.swift in Sources */ = {isa = PBXBuildFile; fileRef = 019FB2521FE279BF0007FDEE /* SmallChannelTableViewCell.swift */; };
		019FB2551FE27DEE0007FDEE /* FollowButton.swift in Sources */ = {isa = PBXBuildFile; fileRef = 019FB2541FE27DEE0007FDEE /* FollowButton.swift */; };
		019FB2571FE297F20007FDEE /* PlaylistTableViewCell.swift in Sources */ = {isa = PBXBuildFile; fileRef = 019FB2561FE297F20007FDEE /* PlaylistTableViewCell.swift */; };
		01A68D691FC2E1290074F1D5 /* NewFeedLabel.swift in Sources */ = {isa = PBXBuildFile; fileRef = 01A68D681FC2E1290074F1D5 /* NewFeedLabel.swift */; };
		01AA891D1FC45D0500D50C13 /* UndBlurLabel.swift in Sources */ = {isa = PBXBuildFile; fileRef = 01AA891C1FC45D0500D50C13 /* UndBlurLabel.swift */; };
		01AA89211FC5612500D50C13 /* ProfileViewController.swift in Sources */ = {isa = PBXBuildFile; fileRef = 01AA89201FC5612500D50C13 /* ProfileViewController.swift */; };
		01AA89231FC5989E00D50C13 /* SmallTrackTableViewCell.swift in Sources */ = {isa = PBXBuildFile; fileRef = 01AA89221FC5989E00D50C13 /* SmallTrackTableViewCell.swift */; };
		01D2F49E2029754F00E43B67 /* FeedModel.swift in Sources */ = {isa = PBXBuildFile; fileRef = 01D2F49D2029754F00E43B67 /* FeedModel.swift */; };
		01D2F4A020297E2100E43B67 /* FeedViewModel.swift in Sources */ = {isa = PBXBuildFile; fileRef = 01D2F49F20297E2100E43B67 /* FeedViewModel.swift */; };
		01D2F4A22029E15E00E43B67 /* TrackViewModel.swift in Sources */ = {isa = PBXBuildFile; fileRef = 01D2F4A12029E15E00E43B67 /* TrackViewModel.swift */; };
		01E1991C1FE8DBB00016060E /* UserSettings.swift in Sources */ = {isa = PBXBuildFile; fileRef = 01E1991B1FE8DBB00016060E /* UserSettings.swift */; };
		01E1991F1FE8FC0D0016060E /* SettingsViewController.swift in Sources */ = {isa = PBXBuildFile; fileRef = 01E1991E1FE8FC0D0016060E /* SettingsViewController.swift */; };
		01E52E3C1FC7E34C00CCFCC2 /* IconedLabel.swift in Sources */ = {isa = PBXBuildFile; fileRef = 01E52E3B1FC7E34C00CCFCC2 /* IconedLabel.swift */; };
		01EFC8712019AEA9005321B9 /* MiniPlayerView.swift in Sources */ = {isa = PBXBuildFile; fileRef = 01EFC8702019AEA9005321B9 /* MiniPlayerView.swift */; };
		01EFC873201A21D6005321B9 /* PlayerViewController.swift in Sources */ = {isa = PBXBuildFile; fileRef = 01EFC872201A21D6005321B9 /* PlayerViewController.swift */; };
		01EFC875201A240B005321B9 /* MainPlayerViewController.swift in Sources */ = {isa = PBXBuildFile; fileRef = 01EFC874201A240B005321B9 /* MainPlayerViewController.swift */; };
		01EFC877201A2421005321B9 /* PlaylistViewController.swift in Sources */ = {isa = PBXBuildFile; fileRef = 01EFC876201A2421005321B9 /* PlaylistViewController.swift */; };
		01FF31671FD16FBB00FB2B9E /* Assets.xcassets in Resources */ = {isa = PBXBuildFile; fileRef = 01FF31661FD16FBA00FB2B9E /* Assets.xcassets */; };
		01FF31691FD1840600FB2B9E /* TimedSlider.swift in Sources */ = {isa = PBXBuildFile; fileRef = 01FF31681FD1840600FB2B9E /* TimedSlider.swift */; };
		01FF376D2010B9E7007F57E0 /* Extensions.swift in Sources */ = {isa = PBXBuildFile; fileRef = 01FF376C2010B9E7007F57E0 /* Extensions.swift */; };
		01FF376F201224CB007F57E0 /* Models.swift in Sources */ = {isa = PBXBuildFile; fileRef = 01FF376E201224CB007F57E0 /* Models.swift */; };
		2CE07EF72028883C00B3D939 /* Analytics.swift in Sources */ = {isa = PBXBuildFile; fileRef = 2CE07EF62028883C00B3D939 /* Analytics.swift */; };
		2CEBFBCA202827C700523FDE /* ArrowView.swift in Sources */ = {isa = PBXBuildFile; fileRef = 2CEBFBC9202827C700523FDE /* ArrowView.swift */; };
		36DF1BFE201A00570017BDE7 /* ChannelsCollectionView.swift in Sources */ = {isa = PBXBuildFile; fileRef = 36DF1BFD201A00570017BDE7 /* ChannelsCollectionView.swift */; };
		36F7C39B201AF73200F99A9A /* ChannelsCollectionViewCell.swift in Sources */ = {isa = PBXBuildFile; fileRef = 36F7C39A201AF73200F99A9A /* ChannelsCollectionViewCell.swift */; };
		CF1E04831F82273D00D8812F /* DBHelpers.swift in Sources */ = {isa = PBXBuildFile; fileRef = CF1E04821F82273D00D8812F /* DBHelpers.swift */; };
		CF27152D1F97C79A0038C81C /* Localizable.strings in Resources */ = {isa = PBXBuildFile; fileRef = CF27152F1F97C79A0038C81C /* Localizable.strings */; };
		CF2715331F97EA810038C81C /* AboutViewController.swift in Sources */ = {isa = PBXBuildFile; fileRef = CF2715321F97EA810038C81C /* AboutViewController.swift */; };
		CF44532A1F54139900660474 /* AppDelegate.swift in Sources */ = {isa = PBXBuildFile; fileRef = CF4453291F54139900660474 /* AppDelegate.swift */; };
		CF44532F1F54139900660474 /* Main.storyboard in Resources */ = {isa = PBXBuildFile; fileRef = CF44532D1F54139900660474 /* Main.storyboard */; };
		CF4453341F54139900660474 /* LaunchScreen.storyboard in Resources */ = {isa = PBXBuildFile; fileRef = CF4453321F54139900660474 /* LaunchScreen.storyboard */; };
		CF44533F1F54139900660474 /* blockchainappTests.swift in Sources */ = {isa = PBXBuildFile; fileRef = CF44533E1F54139900660474 /* blockchainappTests.swift */; };
		CF44534A1F54139900660474 /* blockchainappUITests.swift in Sources */ = {isa = PBXBuildFile; fileRef = CF4453491F54139900660474 /* blockchainappUITests.swift */; };
		CF4453591F55400F00660474 /* MainModels.swift in Sources */ = {isa = PBXBuildFile; fileRef = CF4453581F55400F00660474 /* MainModels.swift */; };
		CF44535B1F55406B00660474 /* Managers.swift in Sources */ = {isa = PBXBuildFile; fileRef = CF44535A1F55406B00660474 /* Managers.swift */; };
		CF44535E1F569D4E00660474 /* StyleExtension.swift in Sources */ = {isa = PBXBuildFile; fileRef = CF44535D1F569D4E00660474 /* StyleExtension.swift */; };
		CF4453621F56CA2E00660474 /* FeedViewController.swift in Sources */ = {isa = PBXBuildFile; fileRef = CF4453611F56CA2E00660474 /* FeedViewController.swift */; };
		CF4453641F56CA5800660474 /* FeedPresenter.swift in Sources */ = {isa = PBXBuildFile; fileRef = CF4453631F56CA5800660474 /* FeedPresenter.swift */; };
		CF4453661F56CB4600660474 /* FeedProtocols.swift in Sources */ = {isa = PBXBuildFile; fileRef = CF4453651F56CB4600660474 /* FeedProtocols.swift */; };
		CF4453691F57F4D200660474 /* ChannelsViewController.swift in Sources */ = {isa = PBXBuildFile; fileRef = CF4453681F57F4D200660474 /* ChannelsViewController.swift */; };
		CF44536B1F57F50300660474 /* ChannelsPresenter.swift in Sources */ = {isa = PBXBuildFile; fileRef = CF44536A1F57F50300660474 /* ChannelsPresenter.swift */; };
		CF44536D1F57F53100660474 /* ChannelsProtocol.swift in Sources */ = {isa = PBXBuildFile; fileRef = CF44536C1F57F53100660474 /* ChannelsProtocol.swift */; };
		CF4453731F5D8EBE00660474 /* MainTabViewController.swift in Sources */ = {isa = PBXBuildFile; fileRef = CF4453721F5D8EBE00660474 /* MainTabViewController.swift */; };
		CF4453751F666BB800660474 /* DBModels.swift in Sources */ = {isa = PBXBuildFile; fileRef = CF4453741F666BB800660474 /* DBModels.swift */; };
		FD10B3302E585598EF8B5CCB /* AppUI.swift in Sources */ = {isa = PBXBuildFile; fileRef = FD10B17549A87867E48B318C /* AppUI.swift */; };
/* End PBXBuildFile section */

/* Begin PBXContainerItemProxy section */
		CF44533B1F54139900660474 /* PBXContainerItemProxy */ = {
			isa = PBXContainerItemProxy;
			containerPortal = CF44531E1F54139900660474 /* Project object */;
			proxyType = 1;
			remoteGlobalIDString = CF4453251F54139900660474;
			remoteInfo = blockchainapp;
		};
		CF4453461F54139900660474 /* PBXContainerItemProxy */ = {
			isa = PBXContainerItemProxy;
			containerPortal = CF44531E1F54139900660474 /* Project object */;
			proxyType = 1;
			remoteGlobalIDString = CF4453251F54139900660474;
			remoteInfo = blockchainapp;
		};
/* End PBXContainerItemProxy section */

/* Begin PBXCopyFilesBuildPhase section */
		01321B681FCDADFF009BFE62 /* Embed Frameworks */ = {
			isa = PBXCopyFilesBuildPhase;
			buildActionMask = 2147483647;
			dstPath = "";
			dstSubfolderSpec = 10;
			files = (
			);
			name = "Embed Frameworks";
			runOnlyForDeploymentPostprocessing = 0;
		};
/* End PBXCopyFilesBuildPhase section */

/* Begin PBXFileReference section */
		01321B651FCDADF7009BFE62 /* Pods_blockchainapp.framework */ = {isa = PBXFileReference; explicitFileType = wrapper.framework; path = Pods_blockchainapp.framework; sourceTree = BUILT_PRODUCTS_DIR; };
		013D2EC81FDDC2A3006F095B /* ChannelPresenter.swift */ = {isa = PBXFileReference; lastKnownFileType = sourcecode.swift; path = ChannelPresenter.swift; sourceTree = "<group>"; };
		014761132010620F006E3373 /* PlayerTableViewCell.swift */ = {isa = PBXFileReference; lastKnownFileType = sourcecode.swift; path = PlayerTableViewCell.swift; sourceTree = "<group>"; };
		015088832006472200E42F7D /* AudioPlayer.swift */ = {isa = PBXFileReference; lastKnownFileType = sourcecode.swift; path = AudioPlayer.swift; sourceTree = "<group>"; };
		01510EAC1FDED922003AC116 /* RealmExtension.swift */ = {isa = PBXFileReference; lastKnownFileType = sourcecode.swift; path = RealmExtension.swift; sourceTree = "<group>"; };
		01510EAE1FDFFD4C003AC116 /* ChannelTrackCell.swift */ = {isa = PBXFileReference; lastKnownFileType = sourcecode.swift; path = ChannelTrackCell.swift; sourceTree = "<group>"; };
		01510EB11FE0E907003AC116 /* SearchPresenter.swift */ = {isa = PBXFileReference; lastKnownFileType = sourcecode.swift; path = SearchPresenter.swift; sourceTree = "<group>"; };
		01510EB31FE0F421003AC116 /* SearchViewController.swift */ = {isa = PBXFileReference; lastKnownFileType = sourcecode.swift; path = SearchViewController.swift; sourceTree = "<group>"; };
		015812991FD6ACC9002828F5 /* ChannelTableViewCell.swift */ = {isa = PBXFileReference; lastKnownFileType = sourcecode.swift; path = ChannelTableViewCell.swift; sourceTree = "<group>"; };
		0158129B1FD70561002828F5 /* ChannelsBuilder.swift */ = {isa = PBXFileReference; lastKnownFileType = sourcecode.swift; path = ChannelsBuilder.swift; sourceTree = "<group>"; };
		0158129D1FD70793002828F5 /* FeedBuilders.swift */ = {isa = PBXFileReference; lastKnownFileType = sourcecode.swift; path = FeedBuilders.swift; sourceTree = "<group>"; };
		015812A11FD80AF1002828F5 /* AudioController.swift */ = {isa = PBXFileReference; lastKnownFileType = sourcecode.swift; path = AudioController.swift; sourceTree = "<group>"; };
		0184A02C1FC1AD0B009FF5CB /* NewFeedTableViewCell.swift */ = {isa = PBXFileReference; lastKnownFileType = sourcecode.swift; path = NewFeedTableViewCell.swift; sourceTree = "<group>"; };
		019B3DC51FCC45B5008C3B76 /* ChannelViewController.swift */ = {isa = PBXFileReference; lastKnownFileType = sourcecode.swift; path = ChannelViewController.swift; sourceTree = "<group>"; };
		019B3DC71FCC45C8008C3B76 /* ChannelHeaderView.swift */ = {isa = PBXFileReference; lastKnownFileType = sourcecode.swift; path = ChannelHeaderView.swift; sourceTree = "<group>"; };
		019FB2521FE279BF0007FDEE /* SmallChannelTableViewCell.swift */ = {isa = PBXFileReference; lastKnownFileType = sourcecode.swift; path = SmallChannelTableViewCell.swift; sourceTree = "<group>"; };
		019FB2541FE27DEE0007FDEE /* FollowButton.swift */ = {isa = PBXFileReference; lastKnownFileType = sourcecode.swift; path = FollowButton.swift; sourceTree = "<group>"; };
		019FB2561FE297F20007FDEE /* PlaylistTableViewCell.swift */ = {isa = PBXFileReference; lastKnownFileType = sourcecode.swift; path = PlaylistTableViewCell.swift; sourceTree = "<group>"; };
		01A68D681FC2E1290074F1D5 /* NewFeedLabel.swift */ = {isa = PBXFileReference; lastKnownFileType = sourcecode.swift; path = NewFeedLabel.swift; sourceTree = "<group>"; };
		01AA891C1FC45D0500D50C13 /* UndBlurLabel.swift */ = {isa = PBXFileReference; lastKnownFileType = sourcecode.swift; path = UndBlurLabel.swift; sourceTree = "<group>"; };
		01AA89201FC5612500D50C13 /* ProfileViewController.swift */ = {isa = PBXFileReference; lastKnownFileType = sourcecode.swift; path = ProfileViewController.swift; sourceTree = "<group>"; };
		01AA89221FC5989E00D50C13 /* SmallTrackTableViewCell.swift */ = {isa = PBXFileReference; lastKnownFileType = sourcecode.swift; path = SmallTrackTableViewCell.swift; sourceTree = "<group>"; };
		01D2F49D2029754F00E43B67 /* FeedModel.swift */ = {isa = PBXFileReference; lastKnownFileType = sourcecode.swift; path = FeedModel.swift; sourceTree = "<group>"; };
		01D2F49F20297E2100E43B67 /* FeedViewModel.swift */ = {isa = PBXFileReference; lastKnownFileType = sourcecode.swift; path = FeedViewModel.swift; sourceTree = "<group>"; };
		01D2F4A12029E15E00E43B67 /* TrackViewModel.swift */ = {isa = PBXFileReference; lastKnownFileType = sourcecode.swift; path = TrackViewModel.swift; sourceTree = "<group>"; };
		01E1991B1FE8DBB00016060E /* UserSettings.swift */ = {isa = PBXFileReference; lastKnownFileType = sourcecode.swift; path = UserSettings.swift; sourceTree = "<group>"; };
		01E1991E1FE8FC0D0016060E /* SettingsViewController.swift */ = {isa = PBXFileReference; lastKnownFileType = sourcecode.swift; path = SettingsViewController.swift; sourceTree = "<group>"; };
		01E52E3B1FC7E34C00CCFCC2 /* IconedLabel.swift */ = {isa = PBXFileReference; lastKnownFileType = sourcecode.swift; path = IconedLabel.swift; sourceTree = "<group>"; };
		01EFC8702019AEA9005321B9 /* MiniPlayerView.swift */ = {isa = PBXFileReference; lastKnownFileType = sourcecode.swift; path = MiniPlayerView.swift; sourceTree = "<group>"; };
		01EFC872201A21D6005321B9 /* PlayerViewController.swift */ = {isa = PBXFileReference; lastKnownFileType = sourcecode.swift; path = PlayerViewController.swift; sourceTree = "<group>"; };
		01EFC874201A240B005321B9 /* MainPlayerViewController.swift */ = {isa = PBXFileReference; lastKnownFileType = sourcecode.swift; path = MainPlayerViewController.swift; sourceTree = "<group>"; };
		01EFC876201A2421005321B9 /* PlaylistViewController.swift */ = {isa = PBXFileReference; lastKnownFileType = sourcecode.swift; path = PlaylistViewController.swift; sourceTree = "<group>"; };
		01FF31661FD16FBA00FB2B9E /* Assets.xcassets */ = {isa = PBXFileReference; lastKnownFileType = folder.assetcatalog; path = Assets.xcassets; sourceTree = "<group>"; };
		01FF31681FD1840600FB2B9E /* TimedSlider.swift */ = {isa = PBXFileReference; lastKnownFileType = sourcecode.swift; path = TimedSlider.swift; sourceTree = "<group>"; };
		01FF376C2010B9E7007F57E0 /* Extensions.swift */ = {isa = PBXFileReference; lastKnownFileType = sourcecode.swift; path = Extensions.swift; sourceTree = "<group>"; };
		01FF376E201224CB007F57E0 /* Models.swift */ = {isa = PBXFileReference; lastKnownFileType = sourcecode.swift; path = Models.swift; sourceTree = "<group>"; };
		2CE07EF62028883C00B3D939 /* Analytics.swift */ = {isa = PBXFileReference; fileEncoding = 4; lastKnownFileType = sourcecode.swift; path = Analytics.swift; sourceTree = "<group>"; };
		2CEBFBC9202827C700523FDE /* ArrowView.swift */ = {isa = PBXFileReference; lastKnownFileType = sourcecode.swift; path = ArrowView.swift; sourceTree = "<group>"; };
		36DF1BFD201A00570017BDE7 /* ChannelsCollectionView.swift */ = {isa = PBXFileReference; lastKnownFileType = sourcecode.swift; path = ChannelsCollectionView.swift; sourceTree = "<group>"; };
		36F7C39A201AF73200F99A9A /* ChannelsCollectionViewCell.swift */ = {isa = PBXFileReference; lastKnownFileType = sourcecode.swift; path = ChannelsCollectionViewCell.swift; sourceTree = "<group>"; };
		68E8042BE89EC223F566C8D7 /* Pods_blockchainapp.framework */ = {isa = PBXFileReference; explicitFileType = wrapper.framework; includeInIndex = 0; path = Pods_blockchainapp.framework; sourceTree = BUILT_PRODUCTS_DIR; };
		C3013B1D55E47F2964830408 /* Pods-blockchainapp.debug.xcconfig */ = {isa = PBXFileReference; includeInIndex = 1; lastKnownFileType = text.xcconfig; name = "Pods-blockchainapp.debug.xcconfig"; path = "Pods/Target Support Files/Pods-blockchainapp/Pods-blockchainapp.debug.xcconfig"; sourceTree = "<group>"; };
		CF1E04821F82273D00D8812F /* DBHelpers.swift */ = {isa = PBXFileReference; lastKnownFileType = sourcecode.swift; name = DBHelpers.swift; path = models/DBHelpers.swift; sourceTree = "<group>"; };
		CF2715291F97BA370038C81C /* ru */ = {isa = PBXFileReference; lastKnownFileType = text.plist.strings; name = ru; path = ru.lproj/Main.strings; sourceTree = "<group>"; };
		CF27152A1F97BA370038C81C /* ru */ = {isa = PBXFileReference; lastKnownFileType = text.plist.strings; name = ru; path = ru.lproj/LaunchScreen.strings; sourceTree = "<group>"; };
		CF27152E1F97C79A0038C81C /* ru */ = {isa = PBXFileReference; lastKnownFileType = text.plist.strings; name = ru; path = ru.lproj/Localizable.strings; sourceTree = "<group>"; };
		CF2715301F97C79F0038C81C /* en */ = {isa = PBXFileReference; lastKnownFileType = text.plist.strings; name = en; path = en.lproj/Localizable.strings; sourceTree = "<group>"; };
		CF2715321F97EA810038C81C /* AboutViewController.swift */ = {isa = PBXFileReference; lastKnownFileType = sourcecode.swift; name = AboutViewController.swift; path = scenes/About/AboutViewController.swift; sourceTree = "<group>"; };
		CF4453261F54139900660474 /* blockchainapp.app */ = {isa = PBXFileReference; explicitFileType = wrapper.application; includeInIndex = 0; path = blockchainapp.app; sourceTree = BUILT_PRODUCTS_DIR; };
		CF4453291F54139900660474 /* AppDelegate.swift */ = {isa = PBXFileReference; lastKnownFileType = sourcecode.swift; path = AppDelegate.swift; sourceTree = "<group>"; };
		CF44532E1F54139900660474 /* Base */ = {isa = PBXFileReference; lastKnownFileType = file.storyboard; name = Base; path = Base.lproj/Main.storyboard; sourceTree = "<group>"; };
		CF4453331F54139900660474 /* Base */ = {isa = PBXFileReference; lastKnownFileType = file.storyboard; name = Base; path = Base.lproj/LaunchScreen.storyboard; sourceTree = "<group>"; };
		CF4453351F54139900660474 /* Info.plist */ = {isa = PBXFileReference; lastKnownFileType = text.plist.xml; path = Info.plist; sourceTree = "<group>"; };
		CF44533A1F54139900660474 /* blockchainappTests.xctest */ = {isa = PBXFileReference; explicitFileType = wrapper.cfbundle; includeInIndex = 0; path = blockchainappTests.xctest; sourceTree = BUILT_PRODUCTS_DIR; };
		CF44533E1F54139900660474 /* blockchainappTests.swift */ = {isa = PBXFileReference; lastKnownFileType = sourcecode.swift; path = blockchainappTests.swift; sourceTree = "<group>"; };
		CF4453401F54139900660474 /* Info.plist */ = {isa = PBXFileReference; lastKnownFileType = text.plist.xml; path = Info.plist; sourceTree = "<group>"; };
		CF4453451F54139900660474 /* blockchainappUITests.xctest */ = {isa = PBXFileReference; explicitFileType = wrapper.cfbundle; includeInIndex = 0; path = blockchainappUITests.xctest; sourceTree = BUILT_PRODUCTS_DIR; };
		CF4453491F54139900660474 /* blockchainappUITests.swift */ = {isa = PBXFileReference; lastKnownFileType = sourcecode.swift; path = blockchainappUITests.swift; sourceTree = "<group>"; };
		CF44534B1F54139900660474 /* Info.plist */ = {isa = PBXFileReference; lastKnownFileType = text.plist.xml; path = Info.plist; sourceTree = "<group>"; };
		CF4453581F55400F00660474 /* MainModels.swift */ = {isa = PBXFileReference; fileEncoding = 4; lastKnownFileType = sourcecode.swift; name = MainModels.swift; path = models/MainModels.swift; sourceTree = "<group>"; };
		CF44535A1F55406B00660474 /* Managers.swift */ = {isa = PBXFileReference; fileEncoding = 4; lastKnownFileType = sourcecode.swift; name = Managers.swift; path = models/Managers.swift; sourceTree = "<group>"; };
		CF44535D1F569D4E00660474 /* StyleExtension.swift */ = {isa = PBXFileReference; fileEncoding = 4; lastKnownFileType = sourcecode.swift; name = StyleExtension.swift; path = extension/StyleExtension.swift; sourceTree = "<group>"; };
		CF4453611F56CA2E00660474 /* FeedViewController.swift */ = {isa = PBXFileReference; fileEncoding = 4; lastKnownFileType = sourcecode.swift; name = FeedViewController.swift; path = scenes/Feed/FeedViewController.swift; sourceTree = "<group>"; };
		CF4453631F56CA5800660474 /* FeedPresenter.swift */ = {isa = PBXFileReference; fileEncoding = 4; lastKnownFileType = sourcecode.swift; name = FeedPresenter.swift; path = scenes/Feed/FeedPresenter.swift; sourceTree = "<group>"; };
		CF4453651F56CB4600660474 /* FeedProtocols.swift */ = {isa = PBXFileReference; fileEncoding = 4; lastKnownFileType = sourcecode.swift; name = FeedProtocols.swift; path = scenes/Feed/FeedProtocols.swift; sourceTree = "<group>"; };
		CF4453681F57F4D200660474 /* ChannelsViewController.swift */ = {isa = PBXFileReference; fileEncoding = 4; lastKnownFileType = sourcecode.swift; name = ChannelsViewController.swift; path = scenes/Channels/ChannelsViewController.swift; sourceTree = "<group>"; };
		CF44536A1F57F50300660474 /* ChannelsPresenter.swift */ = {isa = PBXFileReference; fileEncoding = 4; lastKnownFileType = sourcecode.swift; name = ChannelsPresenter.swift; path = scenes/Channels/ChannelsPresenter.swift; sourceTree = "<group>"; };
		CF44536C1F57F53100660474 /* ChannelsProtocol.swift */ = {isa = PBXFileReference; fileEncoding = 4; lastKnownFileType = sourcecode.swift; name = ChannelsProtocol.swift; path = scenes/Channels/ChannelsProtocol.swift; sourceTree = "<group>"; };
		CF4453721F5D8EBE00660474 /* MainTabViewController.swift */ = {isa = PBXFileReference; fileEncoding = 4; lastKnownFileType = sourcecode.swift; name = MainTabViewController.swift; path = "scenes/tab controller/MainTabViewController.swift"; sourceTree = "<group>"; };
		CF4453741F666BB800660474 /* DBModels.swift */ = {isa = PBXFileReference; fileEncoding = 4; lastKnownFileType = sourcecode.swift; name = DBModels.swift; path = models/DBModels.swift; sourceTree = "<group>"; };
		D0F0C982204F108F173327BA /* Pods-blockchainapp.release.xcconfig */ = {isa = PBXFileReference; includeInIndex = 1; lastKnownFileType = text.xcconfig; name = "Pods-blockchainapp.release.xcconfig"; path = "Pods/Target Support Files/Pods-blockchainapp/Pods-blockchainapp.release.xcconfig"; sourceTree = "<group>"; };
		FD10B17549A87867E48B318C /* AppUI.swift */ = {isa = PBXFileReference; fileEncoding = 4; lastKnownFileType = sourcecode.swift; path = AppUI.swift; sourceTree = "<group>"; };
/* End PBXFileReference section */

/* Begin PBXFrameworksBuildPhase section */
		CF4453231F54139900660474 /* Frameworks */ = {
			isa = PBXFrameworksBuildPhase;
			buildActionMask = 2147483647;
			files = (
				01321B641FCDADF7009BFE62 /* Pods_blockchainapp.framework in Frameworks */,
			);
			runOnlyForDeploymentPostprocessing = 0;
		};
		CF4453371F54139900660474 /* Frameworks */ = {
			isa = PBXFrameworksBuildPhase;
			buildActionMask = 2147483647;
			files = (
			);
			runOnlyForDeploymentPostprocessing = 0;
		};
		CF4453421F54139900660474 /* Frameworks */ = {
			isa = PBXFrameworksBuildPhase;
			buildActionMask = 2147483647;
			files = (
			);
			runOnlyForDeploymentPostprocessing = 0;
		};
/* End PBXFrameworksBuildPhase section */

/* Begin PBXGroup section */
		01510EB01FE0E8EC003AC116 /* SearchScreen */ = {
			isa = PBXGroup;
			children = (
				01510EB11FE0E907003AC116 /* SearchPresenter.swift */,
				01510EB31FE0F421003AC116 /* SearchViewController.swift */,
				019FB2521FE279BF0007FDEE /* SmallChannelTableViewCell.swift */,
				019FB2561FE297F20007FDEE /* PlaylistTableViewCell.swift */,
			);
			name = SearchScreen;
			sourceTree = "<group>";
		};
		019B3DC41FCC4599008C3B76 /* Channel Screen */ = {
			isa = PBXGroup;
			children = (
				019B3DC51FCC45B5008C3B76 /* ChannelViewController.swift */,
				019B3DC71FCC45C8008C3B76 /* ChannelHeaderView.swift */,
				013D2EC81FDDC2A3006F095B /* ChannelPresenter.swift */,
				01510EAE1FDFFD4C003AC116 /* ChannelTrackCell.swift */,
			);
			name = "Channel Screen";
			sourceTree = "<group>";
		};
		01AA891F1FC5610500D50C13 /* Profile */ = {
			isa = PBXGroup;
			children = (
				01AA89201FC5612500D50C13 /* ProfileViewController.swift */,
				01AA89221FC5989E00D50C13 /* SmallTrackTableViewCell.swift */,
			);
			path = Profile;
			sourceTree = "<group>";
		};
		01E1991D1FE8FBF30016060E /* Settings */ = {
			isa = PBXGroup;
			children = (
				01E1991E1FE8FC0D0016060E /* SettingsViewController.swift */,
			);
			name = Settings;
			sourceTree = "<group>";
		};
		01E52E3A1FC7E33900CCFCC2 /* UI Extensions */ = {
			isa = PBXGroup;
			children = (
				01E52E3B1FC7E34C00CCFCC2 /* IconedLabel.swift */,
				01AA891C1FC45D0500D50C13 /* UndBlurLabel.swift */,
				01FF31681FD1840600FB2B9E /* TimedSlider.swift */,
				019FB2541FE27DEE0007FDEE /* FollowButton.swift */,
				01FF376C2010B9E7007F57E0 /* Extensions.swift */,
			);
			name = "UI Extensions";
			sourceTree = "<group>";
		};
		01FF376B201072B7007F57E0 /* AudioCore */ = {
			isa = PBXGroup;
			children = (
				015812A11FD80AF1002828F5 /* AudioController.swift */,
				015088832006472200E42F7D /* AudioPlayer.swift */,
				01FF376E201224CB007F57E0 /* Models.swift */,
			);
			name = AudioCore;
			sourceTree = "<group>";
		};
		36F7C399201AF71200F99A9A /* Channels */ = {
			isa = PBXGroup;
			children = (
				36DF1BFD201A00570017BDE7 /* ChannelsCollectionView.swift */,
				36F7C39A201AF73200F99A9A /* ChannelsCollectionViewCell.swift */,
			);
			name = Channels;
			sourceTree = "<group>";
		};
		CF2715311F97EA560038C81C /* about */ = {
			isa = PBXGroup;
			children = (
				CF2715321F97EA810038C81C /* AboutViewController.swift */,
			);
			name = about;
			sourceTree = "<group>";
		};
		CF44531D1F54139900660474 = {
			isa = PBXGroup;
			children = (
				CF4453281F54139900660474 /* blockchainapp */,
				CF44533D1F54139900660474 /* blockchainappTests */,
				CF4453481F54139900660474 /* blockchainappUITests */,
				CF4453271F54139900660474 /* Products */,
				D6466F373F64D97EFA77D614 /* Pods */,
				FA0295970B9760974875F641 /* Frameworks */,
			);
			sourceTree = "<group>";
		};
		CF4453271F54139900660474 /* Products */ = {
			isa = PBXGroup;
			children = (
				CF4453261F54139900660474 /* blockchainapp.app */,
				CF44533A1F54139900660474 /* blockchainappTests.xctest */,
				CF4453451F54139900660474 /* blockchainappUITests.xctest */,
			);
			name = Products;
			sourceTree = "<group>";
		};
		CF4453281F54139900660474 /* blockchainapp */ = {
			isa = PBXGroup;
			children = (
				01E52E3A1FC7E33900CCFCC2 /* UI Extensions */,
				CF44535F1F56C9D700660474 /* scenes */,
				CF44535C1F569D1E00660474 /* extensions */,
				CF4453571F553FE400660474 /* models */,
				CF4453291F54139900660474 /* AppDelegate.swift */,
				CF44532D1F54139900660474 /* Main.storyboard */,
				CF4453321F54139900660474 /* LaunchScreen.storyboard */,
				CF4453351F54139900660474 /* Info.plist */,
				CF27152F1F97C79A0038C81C /* Localizable.strings */,
				01FF31661FD16FBA00FB2B9E /* Assets.xcassets */,
			);
			path = blockchainapp;
			sourceTree = "<group>";
		};
		CF44533D1F54139900660474 /* blockchainappTests */ = {
			isa = PBXGroup;
			children = (
				CF44533E1F54139900660474 /* blockchainappTests.swift */,
				CF4453401F54139900660474 /* Info.plist */,
			);
			path = blockchainappTests;
			sourceTree = "<group>";
		};
		CF4453481F54139900660474 /* blockchainappUITests */ = {
			isa = PBXGroup;
			children = (
				CF4453491F54139900660474 /* blockchainappUITests.swift */,
				CF44534B1F54139900660474 /* Info.plist */,
			);
			path = blockchainappUITests;
			sourceTree = "<group>";
		};
		CF4453571F553FE400660474 /* models */ = {
			isa = PBXGroup;
			children = (
				01FF376B201072B7007F57E0 /* AudioCore */,
				CF4453581F55400F00660474 /* MainModels.swift */,
				2CE07EF62028883C00B3D939 /* Analytics.swift */,
				CF44535A1F55406B00660474 /* Managers.swift */,
				CF4453741F666BB800660474 /* DBModels.swift */,
				CF1E04821F82273D00D8812F /* DBHelpers.swift */,
				01E1991B1FE8DBB00016060E /* UserSettings.swift */,
			);
			name = models;
			sourceTree = "<group>";
		};
		CF44535C1F569D1E00660474 /* extensions */ = {
			isa = PBXGroup;
			children = (
				CF44535D1F569D4E00660474 /* StyleExtension.swift */,
				FD10B17549A87867E48B318C /* AppUI.swift */,
				01A68D681FC2E1290074F1D5 /* NewFeedLabel.swift */,
				01510EAC1FDED922003AC116 /* RealmExtension.swift */,
			);
			name = extensions;
			sourceTree = "<group>";
		};
		CF44535F1F56C9D700660474 /* scenes */ = {
			isa = PBXGroup;
			children = (
				01E1991D1FE8FBF30016060E /* Settings */,
				01510EB01FE0E8EC003AC116 /* SearchScreen */,
				019B3DC41FCC4599008C3B76 /* Channel Screen */,
				01AA891F1FC5610500D50C13 /* Profile */,
				CF2715311F97EA560038C81C /* about */,
				CF4453711F5D8E8600660474 /* tab controller */,
				CF44536E1F5D787A00660474 /* player */,
				CF4453671F57F42800660474 /* Channels */,
				CF4453601F56C9E600660474 /* Feed */,
			);
			name = scenes;
			sourceTree = "<group>";
		};
		CF4453601F56C9E600660474 /* Feed */ = {
			isa = PBXGroup;
			children = (
				CF4453611F56CA2E00660474 /* FeedViewController.swift */,
				CF4453631F56CA5800660474 /* FeedPresenter.swift */,
				CF4453651F56CB4600660474 /* FeedProtocols.swift */,
				0184A02C1FC1AD0B009FF5CB /* NewFeedTableViewCell.swift */,
				0158129D1FD70793002828F5 /* FeedBuilders.swift */,
				36F7C399201AF71200F99A9A /* Channels */,
				01D2F49D2029754F00E43B67 /* FeedModel.swift */,
				01D2F4A12029E15E00E43B67 /* TrackViewModel.swift */,
				01D2F49F20297E2100E43B67 /* FeedViewModel.swift */,
			);
			name = Feed;
			sourceTree = "<group>";
		};
		CF4453671F57F42800660474 /* Channels */ = {
			isa = PBXGroup;
			children = (
				CF4453681F57F4D200660474 /* ChannelsViewController.swift */,
				CF44536A1F57F50300660474 /* ChannelsPresenter.swift */,
				CF44536C1F57F53100660474 /* ChannelsProtocol.swift */,
				015812991FD6ACC9002828F5 /* ChannelTableViewCell.swift */,
				0158129B1FD70561002828F5 /* ChannelsBuilder.swift */,
			);
			name = Channels;
			sourceTree = "<group>";
		};
		CF44536E1F5D787A00660474 /* player */ = {
			isa = PBXGroup;
			children = (
				014761132010620F006E3373 /* PlayerTableViewCell.swift */,
				01EFC8702019AEA9005321B9 /* MiniPlayerView.swift */,
				01EFC872201A21D6005321B9 /* PlayerViewController.swift */,
				01EFC874201A240B005321B9 /* MainPlayerViewController.swift */,
				01EFC876201A2421005321B9 /* PlaylistViewController.swift */,
				2CEBFBC9202827C700523FDE /* ArrowView.swift */,
			);
			name = player;
			sourceTree = "<group>";
		};
		CF4453711F5D8E8600660474 /* tab controller */ = {
			isa = PBXGroup;
			children = (
				CF4453721F5D8EBE00660474 /* MainTabViewController.swift */,
			);
			name = "tab controller";
			sourceTree = "<group>";
		};
		D6466F373F64D97EFA77D614 /* Pods */ = {
			isa = PBXGroup;
			children = (
				C3013B1D55E47F2964830408 /* Pods-blockchainapp.debug.xcconfig */,
				D0F0C982204F108F173327BA /* Pods-blockchainapp.release.xcconfig */,
			);
			name = Pods;
			sourceTree = "<group>";
		};
		FA0295970B9760974875F641 /* Frameworks */ = {
			isa = PBXGroup;
			children = (
				01321B651FCDADF7009BFE62 /* Pods_blockchainapp.framework */,
				68E8042BE89EC223F566C8D7 /* Pods_blockchainapp.framework */,
			);
			name = Frameworks;
			sourceTree = "<group>";
		};
/* End PBXGroup section */

/* Begin PBXNativeTarget section */
		CF4453251F54139900660474 /* blockchainapp */ = {
			isa = PBXNativeTarget;
			buildConfigurationList = CF44534E1F54139900660474 /* Build configuration list for PBXNativeTarget "blockchainapp" */;
			buildPhases = (
				69FD1FFD8E350820AE7043D5 /* [CP] Check Pods Manifest.lock */,
				CF4453221F54139900660474 /* Sources */,
				CF4453231F54139900660474 /* Frameworks */,
				CF4453241F54139900660474 /* Resources */,
				85CB1106F2638EFC2373BB7A /* [CP] Embed Pods Frameworks */,
				CE6A97D7F56884174CDDB3E3 /* [CP] Copy Pods Resources */,
				01321B681FCDADFF009BFE62 /* Embed Frameworks */,
				01EB96C320171CEE00D5A419 /* ShellScript */,
			);
			buildRules = (
			);
			dependencies = (
			);
			name = blockchainapp;
			productName = blockchainapp;
			productReference = CF4453261F54139900660474 /* blockchainapp.app */;
			productType = "com.apple.product-type.application";
		};
		CF4453391F54139900660474 /* blockchainappTests */ = {
			isa = PBXNativeTarget;
			buildConfigurationList = CF4453511F54139900660474 /* Build configuration list for PBXNativeTarget "blockchainappTests" */;
			buildPhases = (
				CF4453361F54139900660474 /* Sources */,
				CF4453371F54139900660474 /* Frameworks */,
				CF4453381F54139900660474 /* Resources */,
			);
			buildRules = (
			);
			dependencies = (
				CF44533C1F54139900660474 /* PBXTargetDependency */,
			);
			name = blockchainappTests;
			productName = blockchainappTests;
			productReference = CF44533A1F54139900660474 /* blockchainappTests.xctest */;
			productType = "com.apple.product-type.bundle.unit-test";
		};
		CF4453441F54139900660474 /* blockchainappUITests */ = {
			isa = PBXNativeTarget;
			buildConfigurationList = CF4453541F54139900660474 /* Build configuration list for PBXNativeTarget "blockchainappUITests" */;
			buildPhases = (
				CF4453411F54139900660474 /* Sources */,
				CF4453421F54139900660474 /* Frameworks */,
				CF4453431F54139900660474 /* Resources */,
			);
			buildRules = (
			);
			dependencies = (
				CF4453471F54139900660474 /* PBXTargetDependency */,
			);
			name = blockchainappUITests;
			productName = blockchainappUITests;
			productReference = CF4453451F54139900660474 /* blockchainappUITests.xctest */;
			productType = "com.apple.product-type.bundle.ui-testing";
		};
/* End PBXNativeTarget section */

/* Begin PBXProject section */
		CF44531E1F54139900660474 /* Project object */ = {
			isa = PBXProject;
			attributes = {
				LastSwiftUpdateCheck = 0830;
				LastUpgradeCheck = 0830;
				ORGANIZATIONNAME = "Ivan Gorbulin";
				TargetAttributes = {
					CF4453251F54139900660474 = {
						CreatedOnToolsVersion = 8.3.3;
						DevelopmentTeam = UW85D37HPT;
						LastSwiftMigration = 0910;
						ProvisioningStyle = Automatic;
					};
					CF4453391F54139900660474 = {
						CreatedOnToolsVersion = 8.3.3;
						DevelopmentTeam = UW85D37HPT;
						ProvisioningStyle = Automatic;
						TestTargetID = CF4453251F54139900660474;
					};
					CF4453441F54139900660474 = {
						CreatedOnToolsVersion = 8.3.3;
						DevelopmentTeam = UW85D37HPT;
						ProvisioningStyle = Automatic;
						TestTargetID = CF4453251F54139900660474;
					};
				};
			};
			buildConfigurationList = CF4453211F54139900660474 /* Build configuration list for PBXProject "blockchainapp" */;
			compatibilityVersion = "Xcode 3.2";
			developmentRegion = English;
			hasScannedForEncodings = 0;
			knownRegions = (
				en,
				Base,
			);
			mainGroup = CF44531D1F54139900660474;
			productRefGroup = CF4453271F54139900660474 /* Products */;
			projectDirPath = "";
			projectRoot = "";
			targets = (
				CF4453251F54139900660474 /* blockchainapp */,
				CF4453391F54139900660474 /* blockchainappTests */,
				CF4453441F54139900660474 /* blockchainappUITests */,
			);
		};
/* End PBXProject section */

/* Begin PBXResourcesBuildPhase section */
		CF4453241F54139900660474 /* Resources */ = {
			isa = PBXResourcesBuildPhase;
			buildActionMask = 2147483647;
			files = (
				CF4453341F54139900660474 /* LaunchScreen.storyboard in Resources */,
				CF27152D1F97C79A0038C81C /* Localizable.strings in Resources */,
				01FF31671FD16FBB00FB2B9E /* Assets.xcassets in Resources */,
				CF44532F1F54139900660474 /* Main.storyboard in Resources */,
			);
			runOnlyForDeploymentPostprocessing = 0;
		};
		CF4453381F54139900660474 /* Resources */ = {
			isa = PBXResourcesBuildPhase;
			buildActionMask = 2147483647;
			files = (
			);
			runOnlyForDeploymentPostprocessing = 0;
		};
		CF4453431F54139900660474 /* Resources */ = {
			isa = PBXResourcesBuildPhase;
			buildActionMask = 2147483647;
			files = (
			);
			runOnlyForDeploymentPostprocessing = 0;
		};
/* End PBXResourcesBuildPhase section */

/* Begin PBXShellScriptBuildPhase section */
		01EB96C320171CEE00D5A419 /* ShellScript */ = {
			isa = PBXShellScriptBuildPhase;
			buildActionMask = 2147483647;
			files = (
			);
			inputPaths = (
			);
			outputPaths = (
			);
			runOnlyForDeploymentPostprocessing = 0;
			shellPath = /bin/sh;
			shellScript = "\"${PODS_ROOT}/Fabric/run\" fb78ed9a96aa52005e34cdb8a48b73973dcdd0f8 78e9118fa68fa92aa64e71fe7efb63980a37da620fa8e4878d743255b3e005f1\n";
		};
		69FD1FFD8E350820AE7043D5 /* [CP] Check Pods Manifest.lock */ = {
			isa = PBXShellScriptBuildPhase;
			buildActionMask = 2147483647;
			files = (
			);
			inputPaths = (
				"${PODS_PODFILE_DIR_PATH}/Podfile.lock",
				"${PODS_ROOT}/Manifest.lock",
			);
			name = "[CP] Check Pods Manifest.lock";
			outputPaths = (
				"$(DERIVED_FILE_DIR)/Pods-blockchainapp-checkManifestLockResult.txt",
			);
			runOnlyForDeploymentPostprocessing = 0;
			shellPath = /bin/sh;
			shellScript = "diff \"${PODS_PODFILE_DIR_PATH}/Podfile.lock\" \"${PODS_ROOT}/Manifest.lock\" > /dev/null\nif [ $? != 0 ] ; then\n    # print error to STDERR\n    echo \"error: The sandbox is not in sync with the Podfile.lock. Run 'pod install' or update your CocoaPods installation.\" >&2\n    exit 1\nfi\n# This output is used by Xcode 'outputs' to avoid re-running this script phase.\necho \"SUCCESS\" > \"${SCRIPT_OUTPUT_FILE_0}\"\n";
			showEnvVarsInLog = 0;
		};
		85CB1106F2638EFC2373BB7A /* [CP] Embed Pods Frameworks */ = {
			isa = PBXShellScriptBuildPhase;
			buildActionMask = 2147483647;
			files = (
			);
			inputPaths = (
				"${SRCROOT}/Pods/Target Support Files/Pods-blockchainapp/Pods-blockchainapp-frameworks.sh",
				"${BUILT_PRODUCTS_DIR}/Action/Action.framework",
				"${BUILT_PRODUCTS_DIR}/AssistantKit/AssistantKit.framework",
				"${BUILT_PRODUCTS_DIR}/DynamicBlurView/DynamicBlurView.framework",
				"${BUILT_PRODUCTS_DIR}/MarqueeLabel/MarqueeLabel.framework",
				"${BUILT_PRODUCTS_DIR}/ReachabilitySwift/Reachability.framework",
				"${BUILT_PRODUCTS_DIR}/Realm/Realm.framework",
				"${BUILT_PRODUCTS_DIR}/RealmSwift/RealmSwift.framework",
				"${BUILT_PRODUCTS_DIR}/RxCocoa/RxCocoa.framework",
				"${BUILT_PRODUCTS_DIR}/RxSwift/RxSwift.framework",
				"${BUILT_PRODUCTS_DIR}/SDWebImage/SDWebImage.framework",
				"${BUILT_PRODUCTS_DIR}/ShadowView/ShadowView.framework",
				"${BUILT_PRODUCTS_DIR}/SnapKit/SnapKit.framework",
				"${BUILT_PRODUCTS_DIR}/SwiftyJSON/SwiftyJSON.framework",
				"${BUILT_PRODUCTS_DIR}/SwipeCellKit/SwipeCellKit.framework",
				"${BUILT_PRODUCTS_DIR}/TagListView/TagListView.framework",
			);
			name = "[CP] Embed Pods Frameworks";
			outputPaths = (
				"${TARGET_BUILD_DIR}/${FRAMEWORKS_FOLDER_PATH}/Action.framework",
				"${TARGET_BUILD_DIR}/${FRAMEWORKS_FOLDER_PATH}/AssistantKit.framework",
				"${TARGET_BUILD_DIR}/${FRAMEWORKS_FOLDER_PATH}/DynamicBlurView.framework",
				"${TARGET_BUILD_DIR}/${FRAMEWORKS_FOLDER_PATH}/MarqueeLabel.framework",
				"${TARGET_BUILD_DIR}/${FRAMEWORKS_FOLDER_PATH}/Reachability.framework",
				"${TARGET_BUILD_DIR}/${FRAMEWORKS_FOLDER_PATH}/Realm.framework",
				"${TARGET_BUILD_DIR}/${FRAMEWORKS_FOLDER_PATH}/RealmSwift.framework",
				"${TARGET_BUILD_DIR}/${FRAMEWORKS_FOLDER_PATH}/RxCocoa.framework",
				"${TARGET_BUILD_DIR}/${FRAMEWORKS_FOLDER_PATH}/RxSwift.framework",
				"${TARGET_BUILD_DIR}/${FRAMEWORKS_FOLDER_PATH}/SDWebImage.framework",
				"${TARGET_BUILD_DIR}/${FRAMEWORKS_FOLDER_PATH}/ShadowView.framework",
				"${TARGET_BUILD_DIR}/${FRAMEWORKS_FOLDER_PATH}/SnapKit.framework",
				"${TARGET_BUILD_DIR}/${FRAMEWORKS_FOLDER_PATH}/SwiftyJSON.framework",
				"${TARGET_BUILD_DIR}/${FRAMEWORKS_FOLDER_PATH}/SwipeCellKit.framework",
				"${TARGET_BUILD_DIR}/${FRAMEWORKS_FOLDER_PATH}/TagListView.framework",
			);
			runOnlyForDeploymentPostprocessing = 0;
			shellPath = /bin/sh;
			shellScript = "\"${SRCROOT}/Pods/Target Support Files/Pods-blockchainapp/Pods-blockchainapp-frameworks.sh\"\n";
			showEnvVarsInLog = 0;
		};
		CE6A97D7F56884174CDDB3E3 /* [CP] Copy Pods Resources */ = {
			isa = PBXShellScriptBuildPhase;
			buildActionMask = 2147483647;
			files = (
			);
			inputPaths = (
			);
			name = "[CP] Copy Pods Resources";
			outputPaths = (
			);
			runOnlyForDeploymentPostprocessing = 0;
			shellPath = /bin/sh;
			shellScript = "\"${SRCROOT}/Pods/Target Support Files/Pods-blockchainapp/Pods-blockchainapp-resources.sh\"\n";
			showEnvVarsInLog = 0;
		};
/* End PBXShellScriptBuildPhase section */

/* Begin PBXSourcesBuildPhase section */
		CF4453221F54139900660474 /* Sources */ = {
			isa = PBXSourcesBuildPhase;
			buildActionMask = 2147483647;
			files = (
				36DF1BFE201A00570017BDE7 /* ChannelsCollectionView.swift in Sources */,
				014761142010620F006E3373 /* PlayerTableViewCell.swift in Sources */,
				019FB2551FE27DEE0007FDEE /* FollowButton.swift in Sources */,
				019B3DC81FCC45C8008C3B76 /* ChannelHeaderView.swift in Sources */,
				CF44536B1F57F50300660474 /* ChannelsPresenter.swift in Sources */,
				015812A21FD80AF1002828F5 /* AudioController.swift in Sources */,
				CF4453591F55400F00660474 /* MainModels.swift in Sources */,
				CF44535E1F569D4E00660474 /* StyleExtension.swift in Sources */,
				CF4453691F57F4D200660474 /* ChannelsViewController.swift in Sources */,
				CF4453661F56CB4600660474 /* FeedProtocols.swift in Sources */,
				01FF31691FD1840600FB2B9E /* TimedSlider.swift in Sources */,
				01AA89231FC5989E00D50C13 /* SmallTrackTableViewCell.swift in Sources */,
				015088842006472200E42F7D /* AudioPlayer.swift in Sources */,
				01AA89211FC5612500D50C13 /* ProfileViewController.swift in Sources */,
				01D2F4A22029E15E00E43B67 /* TrackViewModel.swift in Sources */,
				01510EAD1FDED922003AC116 /* RealmExtension.swift in Sources */,
				0158129C1FD70561002828F5 /* ChannelsBuilder.swift in Sources */,
				01E1991C1FE8DBB00016060E /* UserSettings.swift in Sources */,
				01EFC877201A2421005321B9 /* PlaylistViewController.swift in Sources */,
				0158129E1FD70793002828F5 /* FeedBuilders.swift in Sources */,
				01D2F49E2029754F00E43B67 /* FeedModel.swift in Sources */,
				CF4453731F5D8EBE00660474 /* MainTabViewController.swift in Sources */,
				CF4453751F666BB800660474 /* DBModels.swift in Sources */,
				0184A02D1FC1AD0B009FF5CB /* NewFeedTableViewCell.swift in Sources */,
				01510EB21FE0E907003AC116 /* SearchPresenter.swift in Sources */,
				01AA891D1FC45D0500D50C13 /* UndBlurLabel.swift in Sources */,
				CF4453621F56CA2E00660474 /* FeedViewController.swift in Sources */,
				01FF376F201224CB007F57E0 /* Models.swift in Sources */,
				01E1991F1FE8FC0D0016060E /* SettingsViewController.swift in Sources */,
				01EFC875201A240B005321B9 /* MainPlayerViewController.swift in Sources */,
				01E52E3C1FC7E34C00CCFCC2 /* IconedLabel.swift in Sources */,
				019FB2531FE279BF0007FDEE /* SmallChannelTableViewCell.swift in Sources */,
				CF44532A1F54139900660474 /* AppDelegate.swift in Sources */,
				CF4453641F56CA5800660474 /* FeedPresenter.swift in Sources */,
				36F7C39B201AF73200F99A9A /* ChannelsCollectionViewCell.swift in Sources */,
				013D2EC91FDDC2A3006F095B /* ChannelPresenter.swift in Sources */,
				01FF376D2010B9E7007F57E0 /* Extensions.swift in Sources */,
				CF44535B1F55406B00660474 /* Managers.swift in Sources */,
				01A68D691FC2E1290074F1D5 /* NewFeedLabel.swift in Sources */,
				01D2F4A020297E2100E43B67 /* FeedViewModel.swift in Sources */,
				CF1E04831F82273D00D8812F /* DBHelpers.swift in Sources */,
				2CE07EF72028883C00B3D939 /* Analytics.swift in Sources */,
				01EFC8712019AEA9005321B9 /* MiniPlayerView.swift in Sources */,
				01510EAF1FDFFD4C003AC116 /* ChannelTrackCell.swift in Sources */,
				019FB2571FE297F20007FDEE /* PlaylistTableViewCell.swift in Sources */,
				2CEBFBCA202827C700523FDE /* ArrowView.swift in Sources */,
				01EFC873201A21D6005321B9 /* PlayerViewController.swift in Sources */,
				CF2715331F97EA810038C81C /* AboutViewController.swift in Sources */,
				01510EB41FE0F421003AC116 /* SearchViewController.swift in Sources */,
				CF44536D1F57F53100660474 /* ChannelsProtocol.swift in Sources */,
				019B3DC61FCC45B5008C3B76 /* ChannelViewController.swift in Sources */,
				FD10B3302E585598EF8B5CCB /* AppUI.swift in Sources */,
				0158129A1FD6ACC9002828F5 /* ChannelTableViewCell.swift in Sources */,
			);
			runOnlyForDeploymentPostprocessing = 0;
		};
		CF4453361F54139900660474 /* Sources */ = {
			isa = PBXSourcesBuildPhase;
			buildActionMask = 2147483647;
			files = (
				CF44533F1F54139900660474 /* blockchainappTests.swift in Sources */,
			);
			runOnlyForDeploymentPostprocessing = 0;
		};
		CF4453411F54139900660474 /* Sources */ = {
			isa = PBXSourcesBuildPhase;
			buildActionMask = 2147483647;
			files = (
				CF44534A1F54139900660474 /* blockchainappUITests.swift in Sources */,
			);
			runOnlyForDeploymentPostprocessing = 0;
		};
/* End PBXSourcesBuildPhase section */

/* Begin PBXTargetDependency section */
		CF44533C1F54139900660474 /* PBXTargetDependency */ = {
			isa = PBXTargetDependency;
			target = CF4453251F54139900660474 /* blockchainapp */;
			targetProxy = CF44533B1F54139900660474 /* PBXContainerItemProxy */;
		};
		CF4453471F54139900660474 /* PBXTargetDependency */ = {
			isa = PBXTargetDependency;
			target = CF4453251F54139900660474 /* blockchainapp */;
			targetProxy = CF4453461F54139900660474 /* PBXContainerItemProxy */;
		};
/* End PBXTargetDependency section */

/* Begin PBXVariantGroup section */
		CF27152F1F97C79A0038C81C /* Localizable.strings */ = {
			isa = PBXVariantGroup;
			children = (
				CF27152E1F97C79A0038C81C /* ru */,
				CF2715301F97C79F0038C81C /* en */,
			);
			name = Localizable.strings;
			sourceTree = "<group>";
		};
		CF44532D1F54139900660474 /* Main.storyboard */ = {
			isa = PBXVariantGroup;
			children = (
				CF44532E1F54139900660474 /* Base */,
				CF2715291F97BA370038C81C /* ru */,
			);
			name = Main.storyboard;
			sourceTree = "<group>";
		};
		CF4453321F54139900660474 /* LaunchScreen.storyboard */ = {
			isa = PBXVariantGroup;
			children = (
				CF4453331F54139900660474 /* Base */,
				CF27152A1F97BA370038C81C /* ru */,
			);
			name = LaunchScreen.storyboard;
			sourceTree = "<group>";
		};
/* End PBXVariantGroup section */

/* Begin XCBuildConfiguration section */
		CF44534C1F54139900660474 /* Debug */ = {
			isa = XCBuildConfiguration;
			buildSettings = {
				ALWAYS_SEARCH_USER_PATHS = NO;
				CLANG_ANALYZER_LOCALIZABILITY_NONLOCALIZED = YES;
				CLANG_ANALYZER_NONNULL = YES;
				CLANG_ANALYZER_NUMBER_OBJECT_CONVERSION = YES_AGGRESSIVE;
				CLANG_CXX_LANGUAGE_STANDARD = "gnu++0x";
				CLANG_CXX_LIBRARY = "libc++";
				CLANG_ENABLE_MODULES = YES;
				CLANG_ENABLE_OBJC_ARC = YES;
				CLANG_WARN_BOOL_CONVERSION = YES;
				CLANG_WARN_CONSTANT_CONVERSION = YES;
				CLANG_WARN_DIRECT_OBJC_ISA_USAGE = YES_ERROR;
				CLANG_WARN_DOCUMENTATION_COMMENTS = YES;
				CLANG_WARN_EMPTY_BODY = YES;
				CLANG_WARN_ENUM_CONVERSION = YES;
				CLANG_WARN_INFINITE_RECURSION = YES;
				CLANG_WARN_INT_CONVERSION = YES;
				CLANG_WARN_OBJC_ROOT_CLASS = YES_ERROR;
				CLANG_WARN_SUSPICIOUS_MOVE = YES;
				CLANG_WARN_UNREACHABLE_CODE = YES;
				CLANG_WARN__DUPLICATE_METHOD_MATCH = YES;
				"CODE_SIGN_IDENTITY[sdk=iphoneos*]" = "iPhone Developer";
				COPY_PHASE_STRIP = NO;
				DEBUG_INFORMATION_FORMAT = dwarf;
				ENABLE_STRICT_OBJC_MSGSEND = YES;
				ENABLE_TESTABILITY = YES;
				GCC_C_LANGUAGE_STANDARD = gnu99;
				GCC_DYNAMIC_NO_PIC = NO;
				GCC_NO_COMMON_BLOCKS = YES;
				GCC_OPTIMIZATION_LEVEL = 0;
				GCC_PREPROCESSOR_DEFINITIONS = (
					"DEBUG=1",
					"$(inherited)",
				);
				GCC_WARN_64_TO_32_BIT_CONVERSION = YES;
				GCC_WARN_ABOUT_RETURN_TYPE = YES_ERROR;
				GCC_WARN_UNDECLARED_SELECTOR = YES;
				GCC_WARN_UNINITIALIZED_AUTOS = YES_AGGRESSIVE;
				GCC_WARN_UNUSED_FUNCTION = YES;
				GCC_WARN_UNUSED_VARIABLE = YES;
				IPHONEOS_DEPLOYMENT_TARGET = 10.3;
				MTL_ENABLE_DEBUG_INFO = YES;
				ONLY_ACTIVE_ARCH = YES;
				SDKROOT = iphoneos;
				SWIFT_ACTIVE_COMPILATION_CONDITIONS = DEBUG;
				SWIFT_OPTIMIZATION_LEVEL = "-Onone";
				VERSIONING_SYSTEM = "apple-generic";
			};
			name = Debug;
		};
		CF44534D1F54139900660474 /* Release */ = {
			isa = XCBuildConfiguration;
			buildSettings = {
				ALWAYS_SEARCH_USER_PATHS = NO;
				CLANG_ANALYZER_LOCALIZABILITY_NONLOCALIZED = YES;
				CLANG_ANALYZER_NONNULL = YES;
				CLANG_ANALYZER_NUMBER_OBJECT_CONVERSION = YES_AGGRESSIVE;
				CLANG_CXX_LANGUAGE_STANDARD = "gnu++0x";
				CLANG_CXX_LIBRARY = "libc++";
				CLANG_ENABLE_MODULES = YES;
				CLANG_ENABLE_OBJC_ARC = YES;
				CLANG_WARN_BOOL_CONVERSION = YES;
				CLANG_WARN_CONSTANT_CONVERSION = YES;
				CLANG_WARN_DIRECT_OBJC_ISA_USAGE = YES_ERROR;
				CLANG_WARN_DOCUMENTATION_COMMENTS = YES;
				CLANG_WARN_EMPTY_BODY = YES;
				CLANG_WARN_ENUM_CONVERSION = YES;
				CLANG_WARN_INFINITE_RECURSION = YES;
				CLANG_WARN_INT_CONVERSION = YES;
				CLANG_WARN_OBJC_ROOT_CLASS = YES_ERROR;
				CLANG_WARN_SUSPICIOUS_MOVE = YES;
				CLANG_WARN_UNREACHABLE_CODE = YES;
				CLANG_WARN__DUPLICATE_METHOD_MATCH = YES;
				"CODE_SIGN_IDENTITY[sdk=iphoneos*]" = "iPhone Developer";
				COPY_PHASE_STRIP = NO;
				DEBUG_INFORMATION_FORMAT = "dwarf-with-dsym";
				ENABLE_NS_ASSERTIONS = NO;
				ENABLE_STRICT_OBJC_MSGSEND = YES;
				GCC_C_LANGUAGE_STANDARD = gnu99;
				GCC_NO_COMMON_BLOCKS = YES;
				GCC_WARN_64_TO_32_BIT_CONVERSION = YES;
				GCC_WARN_ABOUT_RETURN_TYPE = YES_ERROR;
				GCC_WARN_UNDECLARED_SELECTOR = YES;
				GCC_WARN_UNINITIALIZED_AUTOS = YES_AGGRESSIVE;
				GCC_WARN_UNUSED_FUNCTION = YES;
				GCC_WARN_UNUSED_VARIABLE = YES;
				IPHONEOS_DEPLOYMENT_TARGET = 10.3;
				MTL_ENABLE_DEBUG_INFO = NO;
				SDKROOT = iphoneos;
				SWIFT_OPTIMIZATION_LEVEL = "-Owholemodule";
				VALIDATE_PRODUCT = YES;
				VERSIONING_SYSTEM = "apple-generic";
			};
			name = Release;
		};
		CF44534F1F54139900660474 /* Debug */ = {
			isa = XCBuildConfiguration;
			baseConfigurationReference = C3013B1D55E47F2964830408 /* Pods-blockchainapp.debug.xcconfig */;
			buildSettings = {
				ASSETCATALOG_COMPILER_APPICON_NAME = AppIcon;
				"CODE_SIGN_IDENTITY[sdk=iphoneos*]" = "iPhone Developer";
				CURRENT_PROJECT_VERSION = 40;
				DEVELOPMENT_TEAM = UW85D37HPT;
				FRAMEWORK_SEARCH_PATHS = (
					"$(inherited)",
					"$(PROJECT_DIR)/Carthage/Build/iOS",
				);
				INFOPLIST_FILE = blockchainapp/Info.plist;
				IPHONEOS_DEPLOYMENT_TARGET = 11.0;
				LD_RUNPATH_SEARCH_PATHS = "$(inherited) @executable_path/Frameworks";
				PRODUCT_BUNDLE_IDENTIFIER = com.msl.blockchainapp;
				PRODUCT_NAME = "$(TARGET_NAME)";
				PROVISIONING_PROFILE = "";
				PROVISIONING_PROFILE_SPECIFIER = "";
				SWIFT_SWIFT3_OBJC_INFERENCE = On;
				SWIFT_VERSION = 4.0;
				VERSIONING_SYSTEM = "apple-generic";
			};
			name = Debug;
		};
		CF4453501F54139900660474 /* Release */ = {
			isa = XCBuildConfiguration;
			baseConfigurationReference = D0F0C982204F108F173327BA /* Pods-blockchainapp.release.xcconfig */;
			buildSettings = {
				ASSETCATALOG_COMPILER_APPICON_NAME = AppIcon;
				"CODE_SIGN_IDENTITY[sdk=iphoneos*]" = "iPhone Developer";
				CURRENT_PROJECT_VERSION = 40;
				DEVELOPMENT_TEAM = UW85D37HPT;
				FRAMEWORK_SEARCH_PATHS = (
					"$(inherited)",
					"$(PROJECT_DIR)/Carthage/Build/iOS",
				);
				INFOPLIST_FILE = blockchainapp/Info.plist;
				IPHONEOS_DEPLOYMENT_TARGET = 11.0;
				LD_RUNPATH_SEARCH_PATHS = "$(inherited) @executable_path/Frameworks";
				PRODUCT_BUNDLE_IDENTIFIER = com.msl.blockchainapp;
				PRODUCT_NAME = "$(TARGET_NAME)";
				PROVISIONING_PROFILE = "";
				PROVISIONING_PROFILE_SPECIFIER = "";
				SWIFT_SWIFT3_OBJC_INFERENCE = On;
				SWIFT_VERSION = 4.0;
				VERSIONING_SYSTEM = "apple-generic";
			};
			name = Release;
		};
		CF4453521F54139900660474 /* Debug */ = {
			isa = XCBuildConfiguration;
			buildSettings = {
				ALWAYS_EMBED_SWIFT_STANDARD_LIBRARIES = YES;
				BUNDLE_LOADER = "$(TEST_HOST)";
				DEVELOPMENT_TEAM = UW85D37HPT;
				INFOPLIST_FILE = blockchainappTests/Info.plist;
				LD_RUNPATH_SEARCH_PATHS = "$(inherited) @executable_path/Frameworks @loader_path/Frameworks";
				PRODUCT_BUNDLE_IDENTIFIER = MSL.blockchainappTests;
				PRODUCT_NAME = "$(TARGET_NAME)";
				SWIFT_VERSION = 3.0;
				TEST_HOST = "$(BUILT_PRODUCTS_DIR)/blockchainapp.app/blockchainapp";
			};
			name = Debug;
		};
		CF4453531F54139900660474 /* Release */ = {
			isa = XCBuildConfiguration;
			buildSettings = {
				ALWAYS_EMBED_SWIFT_STANDARD_LIBRARIES = YES;
				BUNDLE_LOADER = "$(TEST_HOST)";
				DEVELOPMENT_TEAM = UW85D37HPT;
				INFOPLIST_FILE = blockchainappTests/Info.plist;
				LD_RUNPATH_SEARCH_PATHS = "$(inherited) @executable_path/Frameworks @loader_path/Frameworks";
				PRODUCT_BUNDLE_IDENTIFIER = MSL.blockchainappTests;
				PRODUCT_NAME = "$(TARGET_NAME)";
				SWIFT_VERSION = 3.0;
				TEST_HOST = "$(BUILT_PRODUCTS_DIR)/blockchainapp.app/blockchainapp";
			};
			name = Release;
		};
		CF4453551F54139900660474 /* Debug */ = {
			isa = XCBuildConfiguration;
			buildSettings = {
				ALWAYS_EMBED_SWIFT_STANDARD_LIBRARIES = YES;
				DEVELOPMENT_TEAM = UW85D37HPT;
				INFOPLIST_FILE = blockchainappUITests/Info.plist;
				LD_RUNPATH_SEARCH_PATHS = "$(inherited) @executable_path/Frameworks @loader_path/Frameworks";
				PRODUCT_BUNDLE_IDENTIFIER = MSL.blockchainappUITests;
				PRODUCT_NAME = "$(TARGET_NAME)";
				SWIFT_VERSION = 3.0;
				TEST_TARGET_NAME = blockchainapp;
			};
			name = Debug;
		};
		CF4453561F54139900660474 /* Release */ = {
			isa = XCBuildConfiguration;
			buildSettings = {
				ALWAYS_EMBED_SWIFT_STANDARD_LIBRARIES = YES;
				DEVELOPMENT_TEAM = UW85D37HPT;
				INFOPLIST_FILE = blockchainappUITests/Info.plist;
				LD_RUNPATH_SEARCH_PATHS = "$(inherited) @executable_path/Frameworks @loader_path/Frameworks";
				PRODUCT_BUNDLE_IDENTIFIER = MSL.blockchainappUITests;
				PRODUCT_NAME = "$(TARGET_NAME)";
				SWIFT_VERSION = 3.0;
				TEST_TARGET_NAME = blockchainapp;
			};
			name = Release;
		};
/* End XCBuildConfiguration section */

/* Begin XCConfigurationList section */
		CF4453211F54139900660474 /* Build configuration list for PBXProject "blockchainapp" */ = {
			isa = XCConfigurationList;
			buildConfigurations = (
				CF44534C1F54139900660474 /* Debug */,
				CF44534D1F54139900660474 /* Release */,
			);
			defaultConfigurationIsVisible = 0;
			defaultConfigurationName = Release;
		};
		CF44534E1F54139900660474 /* Build configuration list for PBXNativeTarget "blockchainapp" */ = {
			isa = XCConfigurationList;
			buildConfigurations = (
				CF44534F1F54139900660474 /* Debug */,
				CF4453501F54139900660474 /* Release */,
			);
			defaultConfigurationIsVisible = 0;
			defaultConfigurationName = Release;
		};
		CF4453511F54139900660474 /* Build configuration list for PBXNativeTarget "blockchainappTests" */ = {
			isa = XCConfigurationList;
			buildConfigurations = (
				CF4453521F54139900660474 /* Debug */,
				CF4453531F54139900660474 /* Release */,
			);
			defaultConfigurationIsVisible = 0;
			defaultConfigurationName = Release;
		};
		CF4453541F54139900660474 /* Build configuration list for PBXNativeTarget "blockchainappUITests" */ = {
			isa = XCConfigurationList;
			buildConfigurations = (
				CF4453551F54139900660474 /* Debug */,
				CF4453561F54139900660474 /* Release */,
			);
			defaultConfigurationIsVisible = 0;
			defaultConfigurationName = Release;
		};
/* End XCConfigurationList section */
	};
	rootObject = CF44531E1F54139900660474 /* Project object */;
}
